{"format_version":"1.1","terraform_version":"1.3.7","planned_values":{"root_module":{"child_modules":[{"resources":[{"address":"module.backend-ALB.aws_autoscaling_group.ag","mode":"managed","type":"aws_autoscaling_group","name":"ag","provider_name":"registry.terraform.io/hashicorp/aws","schema_version":1,"values":{"capacity_rebalance":null,"context":null,"default_instance_warmup":null,"desired_capacity":1,"desired_capacity_type":null,"enabled_metrics":null,"force_delete":true,"force_delete_warm_pool":false,"health_check_grace_period":300,"health_check_type":"ELB","ignore_failed_scaling_activities":false,"initial_lifecycle_hook":[],"instance_maintenance_policy":[],"instance_refresh":[],"launch_configuration":null,"launch_template":[{"version":"$Latest"}],"max_instance_lifetime":null,"max_size":2,"metrics_granularity":"1Minute","min_elb_capacity":null,"min_size":1,"name":"three-tier-asg-backend","placement_group":null,"protect_from_scale_in":false,"suspended_processes":null,"tag":[{"key":"Environment","propagate_at_launch":true,"value":"dev"},{"key":"Name","propagate_at_launch":true,"value":"three-tier-asg-backend"}],"termination_policies":null,"timeouts":null,"wait_for_capacity_timeout":"10m","wait_for_elb_capacity":null,"warm_pool":[]},"sensitive_values":{"availability_zones":[],"initial_lifecycle_hook":[],"instance_maintenance_policy":[],"instance_refresh":[],"launch_template":[{}],"load_balancers":[],"mixed_instances_policy":[],"tag":[{},{}],"target_group_arns":[],"traffic_source":[],"vpc_zone_identifier":[],"warm_pool":[]}},{"address":"module.backend-ALB.aws_autoscaling_policy.my-asp","mode":"managed","type":"aws_autoscaling_policy","name":"my-asp","provider_name":"registry.terraform.io/hashicorp/aws","schema_version":0,"values":{"adjustment_type":null,"autoscaling_group_name":"three-tier-asg-backend","cooldown":null,"enabled":true,"estimated_instance_warmup":null,"min_adjustment_magnitude":null,"name":"three-tier-asg-policy-backend","policy_type":"TargetTrackingScaling","predictive_scaling_configuration":[],"scaling_adjustment":null,"step_adjustment":[],"target_tracking_configuration":[{"customized_metric_specification":[],"disable_scale_in":false,"predefined_metric_specification":[{"predefined_metric_type":"ASGAverageCPUUtilization","resource_label":null}],"target_value":50}]},"sensitive_values":{"predictive_scaling_configuration":[],"step_adjustment":[],"target_tracking_configuration":[{"customized_metric_specification":[],"predefined_metric_specification":[{}]}]}},{"address":"module.backend-ALB.aws_launch_template.my-lc","mode":"managed","type":"aws_launch_template","name":"my-lc","provider_name":"registry.terraform.io/hashicorp/aws","schema_version":0,"values":{"block_device_mappings":[],"capacity_reservation_specification":[],"cpu_options":[],"credit_specification":[],"description":null,"disable_api_stop":null,"disable_api_termination":null,"ebs_optimized":null,"elastic_gpu_specifications":[],"elastic_inference_accelerator":[],"enclave_options":[],"hibernation_options":[],"iam_instance_profile":[],"image_id":"ami-04b70fa74e45c3917","instance_initiated_shutdown_behavior":null,"instance_market_options":[],"instance_requirements":[],"instance_type":"t2.micro","kernel_id":null,"key_name":"Soham","license_specification":[],"maintenance_options":[],"monitoring":[],"network_interfaces":[],"placement":[],"private_dns_name_options":[],"ram_disk_id":null,"security_group_names":null,"tag_specifications":[],"tags":{"Environment":"dev","Name":"backend-dev-instances"},"tags_all":{"Environment":"dev","Name":"backend-dev-instances"},"update_default_version":null,"user_data":"IyEvYmluL2Jhc2gKc3VkbyBhcHQgdWRwYXRlIApzdWRvIGFwdCBpbnN0YWxsIG5naW54IC15IApzdWRvIHN5c3RlbWN0bCBlbmFibGUgbmdpbngKc3VkbyBzeXN0ZW1jdGwgc3RhcnQgbmdpbngK"},"sensitive_values":{"block_device_mappings":[],"capacity_reservation_specification":[],"cpu_options":[],"credit_specification":[],"elastic_gpu_specifications":[],"elastic_inference_accelerator":[],"enclave_options":[],"hibernation_options":[],"iam_instance_profile":[],"instance_market_options":[],"instance_requirements":[],"license_specification":[],"maintenance_options":[],"metadata_options":[],"monitoring":[],"network_interfaces":[],"placement":[],"private_dns_name_options":[],"tag_specifications":[],"tags":{},"tags_all":{},"vpc_security_group_ids":[]}}],"address":"module.backend-ALB"},{"resources":[{"address":"module.backend-lb.aws_lb.my-lb","mode":"managed","type":"aws_lb","name":"my-lb","provider_name":"registry.terraform.io/hashicorp/aws","schema_version":0,"values":{"access_logs":[],"client_keep_alive":3600,"connection_logs":[],"customer_owned_ipv4_pool":null,"desync_mitigation_mode":"defensive","dns_record_client_routing_policy":null,"drop_invalid_header_fields":false,"enable_cross_zone_load_balancing":null,"enable_deletion_protection":false,"enable_http2":true,"enable_tls_version_and_cipher_suite_headers":false,"enable_waf_fail_open":false,"enable_xff_client_port":false,"idle_timeout":60,"internal":true,"load_balancer_type":"application","name":"backend-three-tier-lb","preserve_host_header":false,"tags":{"Enviornment":"dev","Name":"backend-three-tier-lb"},"tags_all":{"Enviornment":"dev","Name":"backend-three-tier-lb"},"timeouts":null,"xff_header_processing_mode":"append"},"sensitive_values":{"access_logs":[],"connection_logs":[],"security_groups":[],"subnet_mapping":[],"subnets":[],"tags":{},"tags_all":{}}},{"address":"module.backend-lb.aws_lb_listener.front_end","mode":"managed","type":"aws_lb_listener","name":"front_end","provider_name":"registry.terraform.io/hashicorp/aws","schema_version":0,"values":{"alpn_policy":null,"certificate_arn":null,"default_action":[{"authenticate_cognito":[],"authenticate_oidc":[],"fixed_response":[],"forward":[],"redirect":[],"type":"forward"}],"port":80,"protocol":"HTTP","tags":null,"timeouts":null},"sensitive_values":{"default_action":[{"authenticate_cognito":[],"authenticate_oidc":[],"fixed_response":[],"forward":[],"redirect":[]}],"mutual_authentication":[],"tags_all":{}}},{"address":"module.backend-lb.aws_lb_target_group.test","mode":"managed","type":"aws_lb_target_group","name":"test","provider_name":"registry.terraform.io/hashicorp/aws","schema_version":0,"values":{"deregistration_delay":"300","lambda_multi_value_headers_enabled":false,"name":"backend-lb-tg","port":80,"protocol":"HTTP","proxy_protocol_v2":false,"slow_start":0,"tags":null,"target_type":"instance"},"sensitive_values":{"health_check":[],"load_balancer_arns":[],"stickiness":[],"tags_all":{},"target_failover":[],"target_health_state":[]}}],"address":"module.backend-lb"},{"resources":[{"address":"module.frontend-ALB.aws_autoscaling_group.ag","mode":"managed","type":"aws_autoscaling_group","name":"ag","provider_name":"registry.terraform.io/hashicorp/aws","schema_version":1,"values":{"capacity_rebalance":null,"context":null,"default_instance_warmup":null,"desired_capacity":1,"desired_capacity_type":null,"enabled_metrics":null,"force_delete":true,"force_delete_warm_pool":false,"health_check_grace_period":300,"health_check_type":"ELB","ignore_failed_scaling_activities":false,"initial_lifecycle_hook":[],"instance_maintenance_policy":[],"instance_refresh":[],"launch_configuration":null,"launch_template":[{"version":"$Latest"}],"max_instance_lifetime":null,"max_size":2,"metrics_granularity":"1Minute","min_elb_capacity":null,"min_size":1,"name":"three-tier-asg-frontend","placement_group":null,"protect_from_scale_in":false,"suspended_processes":null,"tag":[{"key":"Environment","propagate_at_launch":true,"value":"dev"},{"key":"Name","propagate_at_launch":true,"value":"three-tier-asg-frontend"}],"termination_policies":null,"timeouts":null,"wait_for_capacity_timeout":"10m","wait_for_elb_capacity":null,"warm_pool":[]},"sensitive_values":{"availability_zones":[],"initial_lifecycle_hook":[],"instance_maintenance_policy":[],"instance_refresh":[],"launch_template":[{}],"load_balancers":[],"mixed_instances_policy":[],"tag":[{},{}],"target_group_arns":[],"traffic_source":[],"vpc_zone_identifier":[],"warm_pool":[]}},{"address":"module.frontend-ALB.aws_autoscaling_policy.my-asp","mode":"managed","type":"aws_autoscaling_policy","name":"my-asp","provider_name":"registry.terraform.io/hashicorp/aws","schema_version":0,"values":{"adjustment_type":null,"autoscaling_group_name":"three-tier-asg-frontend","cooldown":null,"enabled":true,"estimated_instance_warmup":null,"min_adjustment_magnitude":null,"name":"three-tier-asg-policy-frontend","policy_type":"TargetTrackingScaling","predictive_scaling_configuration":[],"scaling_adjustment":null,"step_adjustment":[],"target_tracking_configuration":[{"customized_metric_specification":[],"disable_scale_in":false,"predefined_metric_specification":[{"predefined_metric_type":"ASGAverageCPUUtilization","resource_label":null}],"target_value":50}]},"sensitive_values":{"predictive_scaling_configuration":[],"step_adjustment":[],"target_tracking_configuration":[{"customized_metric_specification":[],"predefined_metric_specification":[{}]}]}},{"address":"module.frontend-ALB.aws_launch_template.my-lc","mode":"managed","type":"aws_launch_template","name":"my-lc","provider_name":"registry.terraform.io/hashicorp/aws","schema_version":0,"values":{"block_device_mappings":[],"capacity_reservation_specification":[],"cpu_options":[],"credit_specification":[],"description":null,"disable_api_stop":null,"disable_api_termination":null,"ebs_optimized":null,"elastic_gpu_specifications":[],"elastic_inference_accelerator":[],"enclave_options":[],"hibernation_options":[],"iam_instance_profile":[],"image_id":"ami-04b70fa74e45c3917","instance_initiated_shutdown_behavior":null,"instance_market_options":[],"instance_requirements":[],"instance_type":"t2.micro","kernel_id":null,"key_name":"Soham","license_specification":[],"maintenance_options":[],"monitoring":[],"network_interfaces":[],"placement":[],"private_dns_name_options":[],"ram_disk_id":null,"security_group_names":null,"tag_specifications":[],"tags":{"Environment":"dev","Name":"frontend-dev-instances"},"tags_all":{"Environment":"dev","Name":"frontend-dev-instances"},"update_default_version":null,"user_data":"IyEvYmluL2Jhc2gKc3VkbyBhcHQgdWRwYXRlIApzdWRvIGFwdCBpbnN0YWxsIG5naW54IC15IApzdWRvIHN5c3RlbWN0bCBlbmFibGUgbmdpbngKc3VkbyBzeXN0ZW1jdGwgc3RhcnQgbmdpbngK"},"sensitive_values":{"block_device_mappings":[],"capacity_reservation_specification":[],"cpu_options":[],"credit_specification":[],"elastic_gpu_specifications":[],"elastic_inference_accelerator":[],"enclave_options":[],"hibernation_options":[],"iam_instance_profile":[],"instance_market_options":[],"instance_requirements":[],"license_specification":[],"maintenance_options":[],"metadata_options":[],"monitoring":[],"network_interfaces":[],"placement":[],"private_dns_name_options":[],"tag_specifications":[],"tags":{},"tags_all":{},"vpc_security_group_ids":[]}}],"address":"module.frontend-ALB"},{"resources":[{"address":"module.frontend-lb.aws_lb.my-lb","mode":"managed","type":"aws_lb","name":"my-lb","provider_name":"registry.terraform.io/hashicorp/aws","schema_version":0,"values":{"access_logs":[],"client_keep_alive":3600,"connection_logs":[],"customer_owned_ipv4_pool":null,"desync_mitigation_mode":"defensive","dns_record_client_routing_policy":null,"drop_invalid_header_fields":false,"enable_cross_zone_load_balancing":null,"enable_deletion_protection":false,"enable_http2":true,"enable_tls_version_and_cipher_suite_headers":false,"enable_waf_fail_open":false,"enable_xff_client_port":false,"idle_timeout":60,"internal":false,"load_balancer_type":"application","name":"frontend-three-tier-lb","preserve_host_header":false,"tags":{"Enviornment":"dev","Name":"frontend-three-tier-lb"},"tags_all":{"Enviornment":"dev","Name":"frontend-three-tier-lb"},"timeouts":null,"xff_header_processing_mode":"append"},"sensitive_values":{"access_logs":[],"connection_logs":[],"security_groups":[],"subnet_mapping":[],"subnets":[],"tags":{},"tags_all":{}}},{"address":"module.frontend-lb.aws_lb_listener.front_end","mode":"managed","type":"aws_lb_listener","name":"front_end","provider_name":"registry.terraform.io/hashicorp/aws","schema_version":0,"values":{"alpn_policy":null,"certificate_arn":null,"default_action":[{"authenticate_cognito":[],"authenticate_oidc":[],"fixed_response":[],"forward":[],"redirect":[],"type":"forward"}],"port":80,"protocol":"HTTP","tags":null,"timeouts":null},"sensitive_values":{"default_action":[{"authenticate_cognito":[],"authenticate_oidc":[],"fixed_response":[],"forward":[],"redirect":[]}],"mutual_authentication":[],"tags_all":{}}},{"address":"module.frontend-lb.aws_lb_target_group.test","mode":"managed","type":"aws_lb_target_group","name":"test","provider_name":"registry.terraform.io/hashicorp/aws","schema_version":0,"values":{"deregistration_delay":"300","lambda_multi_value_headers_enabled":false,"name":"frontend-lb-tg","port":80,"protocol":"HTTP","proxy_protocol_v2":false,"slow_start":0,"tags":null,"target_type":"instance"},"sensitive_values":{"health_check":[],"load_balancer_arns":[],"stickiness":[],"tags_all":{},"target_failover":[],"target_health_state":[]}}],"address":"module.frontend-lb"},{"resources":[{"address":"module.rds.aws_db_instance.default","mode":"managed","type":"aws_db_instance","name":"default","provider_name":"registry.terraform.io/hashicorp/aws","schema_version":2,"values":{"allocated_storage":10,"allow_major_version_upgrade":null,"apply_immediately":false,"auto_minor_version_upgrade":true,"blue_green_update":[],"copy_tags_to_snapshot":false,"custom_iam_instance_profile":null,"customer_owned_ip_enabled":null,"db_name":"ThreeTierDb","db_subnet_group_name":"three-tier-subnet-group","dedicated_log_volume":false,"delete_automated_backups":true,"deletion_protection":null,"domain":null,"domain_auth_secret_arn":null,"domain_dns_ips":null,"domain_iam_role_name":null,"domain_ou":null,"enabled_cloudwatch_logs_exports":null,"engine":"mysql","engine_version":"8.0","final_snapshot_identifier":null,"iam_database_authentication_enabled":null,"identifier":"three-tier-db-dev","instance_class":"db.t3.micro","manage_master_user_password":null,"max_allocated_storage":null,"monitoring_interval":0,"password":"Soham4290","performance_insights_enabled":false,"publicly_accessible":false,"replicate_source_db":null,"restore_to_point_in_time":[],"s3_import":[],"skip_final_snapshot":true,"storage_encrypted":null,"tags":{"Environment":"dev","Name":"ThreeTierDb"},"tags_all":{"Environment":"dev","Name":"ThreeTierDb"},"timeouts":null,"username":"soham"},"sensitive_values":{"blue_green_update":[],"listener_endpoint":[],"master_user_secret":[],"password":true,"replicas":[],"restore_to_point_in_time":[],"s3_import":[],"tags":{},"tags_all":{},"vpc_security_group_ids":[]}},{"address":"module.rds.aws_db_instance.default_replica","mode":"managed","type":"aws_db_instance","name":"default_replica","provider_name":"registry.terraform.io/hashicorp/aws","schema_version":2,"values":{"allocated_storage":10,"allow_major_version_upgrade":null,"apply_immediately":false,"auto_minor_version_upgrade":true,"blue_green_update":[],"copy_tags_to_snapshot":false,"custom_iam_instance_profile":null,"customer_owned_ip_enabled":null,"db_subnet_group_name":"three-tier-subnet-group","dedicated_log_volume":false,"delete_automated_backups":true,"deletion_protection":null,"domain":null,"domain_auth_secret_arn":null,"domain_dns_ips":null,"domain_iam_role_name":null,"domain_ou":null,"enabled_cloudwatch_logs_exports":null,"engine":"mysql","engine_version":"8.0","final_snapshot_identifier":null,"iam_database_authentication_enabled":null,"identifier":"three-tier-db-dev-replica","instance_class":"db.t3.micro","manage_master_user_password":null,"max_allocated_storage":null,"monitoring_interval":0,"password":null,"performance_insights_enabled":false,"publicly_accessible":false,"replicate_source_db":"three-tier-db-dev","restore_to_point_in_time":[],"s3_import":[],"skip_final_snapshot":true,"storage_encrypted":null,"tags":{"Environment":"dev","Name":"ThreeTierDb"},"tags_all":{"Environment":"dev","Name":"ThreeTierDb"},"timeouts":null},"sensitive_values":{"blue_green_update":[],"listener_endpoint":[],"master_user_secret":[],"replicas":[],"restore_to_point_in_time":[],"s3_import":[],"tags":{},"tags_all":{},"vpc_security_group_ids":[]}},{"address":"module.rds.aws_db_subnet_group.default","mode":"managed","type":"aws_db_subnet_group","name":"default","provider_name":"registry.terraform.io/hashicorp/aws","schema_version":0,"values":{"description":"Managed by Terraform","name":"three-tier-subnet-group","tags":{"Name":"three-tier-subnet-group"},"tags_all":{"Name":"three-tier-subnet-group"}},"sensitive_values":{"subnet_ids":[],"supported_network_types":[],"tags":{},"tags_all":{}}}],"address":"module.rds"},{"resources":[{"address":"module.sg.aws_security_group.my-sg","mode":"managed","type":"aws_security_group","name":"my-sg","provider_name":"registry.terraform.io/hashicorp/aws","schema_version":1,"values":{"description":"a test sg","egress":[{"cidr_blocks":["0.0.0.0/0"],"description":"Allow all outbound traffic","from_port":0,"ipv6_cidr_blocks":[],"prefix_list_ids":[],"protocol":"-1","security_groups":[],"self":false,"to_port":0}],"ingress":[{"cidr_blocks":["0.0.0.0/0"],"description":"Backend Port","from_port":3000,"ipv6_cidr_blocks":[],"prefix_list_ids":[],"protocol":"tcp","security_groups":[],"self":false,"to_port":3000},{"cidr_blocks":["0.0.0.0/0"],"description":"HTTP Port","from_port":80,"ipv6_cidr_blocks":[],"prefix_list_ids":[],"protocol":"tcp","security_groups":[],"self":false,"to_port":80},{"cidr_blocks":["0.0.0.0/0"],"description":"MYSQL Port","from_port":3306,"ipv6_cidr_blocks":[],"prefix_list_ids":[],"protocol":"tcp","security_groups":[],"self":false,"to_port":3306},{"cidr_blocks":["0.0.0.0/0"],"description":"SSH Port","from_port":22,"ipv6_cidr_blocks":[],"prefix_list_ids":[],"protocol":"tcp","security_groups":[],"self":false,"to_port":22}],"name":"test-sg","revoke_rules_on_delete":false,"tags":{"Name":"test-sg"},"tags_all":{"Name":"test-sg"},"timeouts":null},"sensitive_values":{"egress":[{"cidr_blocks":[false],"ipv6_cidr_blocks":[],"prefix_list_ids":[],"security_groups":[]}],"ingress":[{"cidr_blocks":[false],"ipv6_cidr_blocks":[],"prefix_list_ids":[],"security_groups":[]},{"cidr_blocks":[false],"ipv6_cidr_blocks":[],"prefix_list_ids":[],"security_groups":[]},{"cidr_blocks":[false],"ipv6_cidr_blocks":[],"prefix_list_ids":[],"security_groups":[]},{"cidr_blocks":[false],"ipv6_cidr_blocks":[],"prefix_list_ids":[],"security_groups":[]}],"tags":{},"tags_all":{}}}],"address":"module.sg"},{"resources":[{"address":"module.vpc.aws_eip.eip","mode":"managed","type":"aws_eip","name":"eip","provider_name":"registry.terraform.io/hashicorp/aws","schema_version":0,"values":{"address":null,"associate_with_private_ip":null,"customer_owned_ipv4_pool":null,"domain":"vpc","tags":null,"timeouts":null},"sensitive_values":{"tags_all":{}}},{"address":"module.vpc.aws_internet_gateway.igw","mode":"managed","type":"aws_internet_gateway","name":"igw","provider_name":"registry.terraform.io/hashicorp/aws","schema_version":0,"values":{"tags":{"Name":"my-igw"},"tags_all":{"Name":"my-igw"},"timeouts":null},"sensitive_values":{"tags":{},"tags_all":{}}},{"address":"module.vpc.aws_nat_gateway.nat","mode":"managed","type":"aws_nat_gateway","name":"nat","provider_name":"registry.terraform.io/hashicorp/aws","schema_version":0,"values":{"connectivity_type":"public","secondary_allocation_ids":null,"tags":{"Name":"gw NAT"},"tags_all":{"Name":"gw NAT"},"timeouts":null},"sensitive_values":{"secondary_private_ip_addresses":[],"tags":{},"tags_all":{}}},{"address":"module.vpc.aws_route_table.private-rt","mode":"managed","type":"aws_route_table","name":"private-rt","provider_name":"registry.terraform.io/hashicorp/aws","schema_version":0,"values":{"route":[{"carrier_gateway_id":"","cidr_block":"0.0.0.0/0","core_network_arn":"","destination_prefix_list_id":"","egress_only_gateway_id":"","ipv6_cidr_block":"","local_gateway_id":"","nat_gateway_id":"","network_interface_id":"","transit_gateway_id":"","vpc_endpoint_id":"","vpc_peering_connection_id":""}],"tags":{"Name":"private-rt"},"tags_all":{"Name":"private-rt"},"timeouts":null},"sensitive_values":{"propagating_vgws":[],"route":[{}],"tags":{},"tags_all":{}}},{"address":"module.vpc.aws_route_table.public-rt","mode":"managed","type":"aws_route_table","name":"public-rt","provider_name":"registry.terraform.io/hashicorp/aws","schema_version":0,"values":{"route":[{"carrier_gateway_id":"","cidr_block":"0.0.0.0/0","core_network_arn":"","destination_prefix_list_id":"","egress_only_gateway_id":"","ipv6_cidr_block":"","local_gateway_id":"","nat_gateway_id":"","network_interface_id":"","transit_gateway_id":"","vpc_endpoint_id":"","vpc_peering_connection_id":""}],"tags":{"Name":"public-rt"},"tags_all":{"Name":"public-rt"},"timeouts":null},"sensitive_values":{"propagating_vgws":[],"route":[{}],"tags":{},"tags_all":{}}},{"address":"module.vpc.aws_route_table_association.a","mode":"managed","type":"aws_route_table_association","name":"a","provider_name":"registry.terraform.io/hashicorp/aws","schema_version":0,"values":{"gateway_id":null,"timeouts":null},"sensitive_values":{}},{"address":"module.vpc.aws_route_table_association.b","mode":"managed","type":"aws_route_table_association","name":"b","provider_name":"registry.terraform.io/hashicorp/aws","schema_version":0,"values":{"gateway_id":null,"timeouts":null},"sensitive_values":{}},{"address":"module.vpc.aws_route_table_association.c","mode":"managed","type":"aws_route_table_association","name":"c","provider_name":"registry.terraform.io/hashicorp/aws","schema_version":0,"values":{"gateway_id":null,"timeouts":null},"sensitive_values":{}},{"address":"module.vpc.aws_route_table_association.d","mode":"managed","type":"aws_route_table_association","name":"d","provider_name":"registry.terraform.io/hashicorp/aws","schema_version":0,"values":{"gateway_id":null,"timeouts":null},"sensitive_values":{}},{"address":"module.vpc.aws_subnet.private_subnet_1","mode":"managed","type":"aws_subnet","name":"private_subnet_1","provider_name":"registry.terraform.io/hashicorp/aws","schema_version":1,"values":{"assign_ipv6_address_on_creation":false,"availability_zone":"us-east-1b","cidr_block":"10.0.1.0/24","customer_owned_ipv4_pool":null,"enable_dns64":false,"enable_lni_at_device_index":null,"enable_resource_name_dns_a_record_on_launch":false,"enable_resource_name_dns_aaaa_record_on_launch":false,"ipv6_cidr_block":null,"ipv6_native":false,"map_customer_owned_ip_on_launch":null,"map_public_ip_on_launch":false,"outpost_arn":null,"tags":{"Name":"Three-tier-Private-subnet"},"tags_all":{"Name":"Three-tier-Private-subnet"},"timeouts":null},"sensitive_values":{"tags":{},"tags_all":{}}},{"address":"module.vpc.aws_subnet.private_subnet_2","mode":"managed","type":"aws_subnet","name":"private_subnet_2","provider_name":"registry.terraform.io/hashicorp/aws","schema_version":1,"values":{"assign_ipv6_address_on_creation":false,"availability_zone":"us-east-1a","cidr_block":"10.0.3.0/24","customer_owned_ipv4_pool":null,"enable_dns64":false,"enable_lni_at_device_index":null,"enable_resource_name_dns_a_record_on_launch":false,"enable_resource_name_dns_aaaa_record_on_launch":false,"ipv6_cidr_block":null,"ipv6_native":false,"map_customer_owned_ip_on_launch":null,"map_public_ip_on_launch":false,"outpost_arn":null,"tags":{"Name":"Three-tier-Private-subnet-2"},"tags_all":{"Name":"Three-tier-Private-subnet-2"},"timeouts":null},"sensitive_values":{"tags":{},"tags_all":{}}},{"address":"module.vpc.aws_subnet.public_subnet_1","mode":"managed","type":"aws_subnet","name":"public_subnet_1","provider_name":"registry.terraform.io/hashicorp/aws","schema_version":1,"values":{"assign_ipv6_address_on_creation":false,"availability_zone":"us-east-1a","cidr_block":"10.0.0.0/24","customer_owned_ipv4_pool":null,"enable_dns64":false,"enable_lni_at_device_index":null,"enable_resource_name_dns_a_record_on_launch":false,"enable_resource_name_dns_aaaa_record_on_launch":false,"ipv6_cidr_block":null,"ipv6_native":false,"map_customer_owned_ip_on_launch":null,"map_public_ip_on_launch":true,"outpost_arn":null,"tags":{"Name":"Three-tier-Public-Subnet"},"tags_all":{"Name":"Three-tier-Public-Subnet"},"timeouts":null},"sensitive_values":{"tags":{},"tags_all":{}}},{"address":"module.vpc.aws_subnet.public_subnet_2","mode":"managed","type":"aws_subnet","name":"public_subnet_2","provider_name":"registry.terraform.io/hashicorp/aws","schema_version":1,"values":{"assign_ipv6_address_on_creation":false,"availability_zone":"us-east-1b","cidr_block":"10.0.2.0/24","customer_owned_ipv4_pool":null,"enable_dns64":false,"enable_lni_at_device_index":null,"enable_resource_name_dns_a_record_on_launch":false,"enable_resource_name_dns_aaaa_record_on_launch":false,"ipv6_cidr_block":null,"ipv6_native":false,"map_customer_owned_ip_on_launch":null,"map_public_ip_on_launch":true,"outpost_arn":null,"tags":{"Name":"Three-tier-Public-Subnet-2"},"tags_all":{"Name":"Three-tier-Public-Subnet-2"},"timeouts":null},"sensitive_values":{"tags":{},"tags_all":{}}},{"address":"module.vpc.aws_vpc.my-vpc","mode":"managed","type":"aws_vpc","name":"my-vpc","provider_name":"registry.terraform.io/hashicorp/aws","schema_version":1,"values":{"assign_generated_ipv6_cidr_block":null,"cidr_block":"10.0.0.0/16","enable_dns_hostnames":true,"enable_dns_support":true,"instance_tenancy":"default","ipv4_ipam_pool_id":null,"ipv4_netmask_length":null,"ipv6_ipam_pool_id":null,"ipv6_netmask_length":null,"tags":{"Name":"three-tier-VPC"},"tags_all":{"Name":"three-tier-VPC"}},"sensitive_values":{"tags":{},"tags_all":{}}}],"address":"module.vpc"}]}},"resource_changes":[{"address":"module.backend-ALB.aws_autoscaling_group.ag","module_address":"module.backend-ALB","mode":"managed","type":"aws_autoscaling_group","name":"ag","provider_name":"registry.terraform.io/hashicorp/aws","change":{"actions":["create"],"before":null,"after":{"capacity_rebalance":null,"context":null,"default_instance_warmup":null,"desired_capacity":1,"desired_capacity_type":null,"enabled_metrics":null,"force_delete":true,"force_delete_warm_pool":false,"health_check_grace_period":300,"health_check_type":"ELB","ignore_failed_scaling_activities":false,"initial_lifecycle_hook":[],"instance_maintenance_policy":[],"instance_refresh":[],"launch_configuration":null,"launch_template":[{"version":"$Latest"}],"max_instance_lifetime":null,"max_size":2,"metrics_granularity":"1Minute","min_elb_capacity":null,"min_size":1,"name":"three-tier-asg-backend","placement_group":null,"protect_from_scale_in":false,"suspended_processes":null,"tag":[{"key":"Environment","propagate_at_launch":true,"value":"dev"},{"key":"Name","propagate_at_launch":true,"value":"three-tier-asg-backend"}],"termination_policies":null,"timeouts":null,"wait_for_capacity_timeout":"10m","wait_for_elb_capacity":null,"warm_pool":[]},"after_unknown":{"arn":true,"availability_zones":true,"default_cooldown":true,"id":true,"initial_lifecycle_hook":[],"instance_maintenance_policy":[],"instance_refresh":[],"launch_template":[{"id":true,"name":true}],"load_balancers":true,"mixed_instances_policy":true,"name_prefix":true,"predicted_capacity":true,"service_linked_role_arn":true,"tag":[{},{}],"target_group_arns":true,"traffic_source":true,"vpc_zone_identifier":true,"warm_pool":[],"warm_pool_size":true},"before_sensitive":false,"after_sensitive":{"availability_zones":[],"initial_lifecycle_hook":[],"instance_maintenance_policy":[],"instance_refresh":[],"launch_template":[{}],"load_balancers":[],"mixed_instances_policy":[],"tag":[{},{}],"target_group_arns":[],"traffic_source":[],"vpc_zone_identifier":[],"warm_pool":[]}}},{"address":"module.backend-ALB.aws_autoscaling_policy.my-asp","module_address":"module.backend-ALB","mode":"managed","type":"aws_autoscaling_policy","name":"my-asp","provider_name":"registry.terraform.io/hashicorp/aws","change":{"actions":["create"],"before":null,"after":{"adjustment_type":null,"autoscaling_group_name":"three-tier-asg-backend","cooldown":null,"enabled":true,"estimated_instance_warmup":null,"min_adjustment_magnitude":null,"name":"three-tier-asg-policy-backend","policy_type":"TargetTrackingScaling","predictive_scaling_configuration":[],"scaling_adjustment":null,"step_adjustment":[],"target_tracking_configuration":[{"customized_metric_specification":[],"disable_scale_in":false,"predefined_metric_specification":[{"predefined_metric_type":"ASGAverageCPUUtilization","resource_label":null}],"target_value":50}]},"after_unknown":{"arn":true,"id":true,"metric_aggregation_type":true,"predictive_scaling_configuration":[],"step_adjustment":[],"target_tracking_configuration":[{"customized_metric_specification":[],"predefined_metric_specification":[{}]}]},"before_sensitive":false,"after_sensitive":{"predictive_scaling_configuration":[],"step_adjustment":[],"target_tracking_configuration":[{"customized_metric_specification":[],"predefined_metric_specification":[{}]}]}}},{"address":"module.backend-ALB.aws_launch_template.my-lc","module_address":"module.backend-ALB","mode":"managed","type":"aws_launch_template","name":"my-lc","provider_name":"registry.terraform.io/hashicorp/aws","change":{"actions":["create"],"before":null,"after":{"block_device_mappings":[],"capacity_reservation_specification":[],"cpu_options":[],"credit_specification":[],"description":null,"disable_api_stop":null,"disable_api_termination":null,"ebs_optimized":null,"elastic_gpu_specifications":[],"elastic_inference_accelerator":[],"enclave_options":[],"hibernation_options":[],"iam_instance_profile":[],"image_id":"ami-04b70fa74e45c3917","instance_initiated_shutdown_behavior":null,"instance_market_options":[],"instance_requirements":[],"instance_type":"t2.micro","kernel_id":null,"key_name":"Soham","license_specification":[],"maintenance_options":[],"monitoring":[],"network_interfaces":[],"placement":[],"private_dns_name_options":[],"ram_disk_id":null,"security_group_names":null,"tag_specifications":[],"tags":{"Environment":"dev","Name":"backend-dev-instances"},"tags_all":{"Environment":"dev","Name":"backend-dev-instances"},"update_default_version":null,"user_data":"IyEvYmluL2Jhc2gKc3VkbyBhcHQgdWRwYXRlIApzdWRvIGFwdCBpbnN0YWxsIG5naW54IC15IApzdWRvIHN5c3RlbWN0bCBlbmFibGUgbmdpbngKc3VkbyBzeXN0ZW1jdGwgc3RhcnQgbmdpbngK"},"after_unknown":{"arn":true,"block_device_mappings":[],"capacity_reservation_specification":[],"cpu_options":[],"credit_specification":[],"default_version":true,"elastic_gpu_specifications":[],"elastic_inference_accelerator":[],"enclave_options":[],"hibernation_options":[],"iam_instance_profile":[],"id":true,"instance_market_options":[],"instance_requirements":[],"latest_version":true,"license_specification":[],"maintenance_options":[],"metadata_options":true,"monitoring":[],"name":true,"name_prefix":true,"network_interfaces":[],"placement":[],"private_dns_name_options":[],"tag_specifications":[],"tags":{},"tags_all":{},"vpc_security_group_ids":true},"before_sensitive":false,"after_sensitive":{"block_device_mappings":[],"capacity_reservation_specification":[],"cpu_options":[],"credit_specification":[],"elastic_gpu_specifications":[],"elastic_inference_accelerator":[],"enclave_options":[],"hibernation_options":[],"iam_instance_profile":[],"instance_market_options":[],"instance_requirements":[],"license_specification":[],"maintenance_options":[],"metadata_options":[],"monitoring":[],"network_interfaces":[],"placement":[],"private_dns_name_options":[],"tag_specifications":[],"tags":{},"tags_all":{},"vpc_security_group_ids":[]}}},{"address":"module.backend-lb.aws_lb.my-lb","module_address":"module.backend-lb","mode":"managed","type":"aws_lb","name":"my-lb","provider_name":"registry.terraform.io/hashicorp/aws","change":{"actions":["create"],"before":null,"after":{"access_logs":[],"client_keep_alive":3600,"connection_logs":[],"customer_owned_ipv4_pool":null,"desync_mitigation_mode":"defensive","dns_record_client_routing_policy":null,"drop_invalid_header_fields":false,"enable_cross_zone_load_balancing":null,"enable_deletion_protection":false,"enable_http2":true,"enable_tls_version_and_cipher_suite_headers":false,"enable_waf_fail_open":false,"enable_xff_client_port":false,"idle_timeout":60,"internal":true,"load_balancer_type":"application","name":"backend-three-tier-lb","preserve_host_header":false,"tags":{"Enviornment":"dev","Name":"backend-three-tier-lb"},"tags_all":{"Enviornment":"dev","Name":"backend-three-tier-lb"},"timeouts":null,"xff_header_processing_mode":"append"},"after_unknown":{"access_logs":[],"arn":true,"arn_suffix":true,"connection_logs":[],"dns_name":true,"enforce_security_group_inbound_rules_on_private_link_traffic":true,"id":true,"ip_address_type":true,"name_prefix":true,"security_groups":true,"subnet_mapping":true,"subnets":true,"tags":{},"tags_all":{},"vpc_id":true,"zone_id":true},"before_sensitive":false,"after_sensitive":{"access_logs":[],"connection_logs":[],"security_groups":[],"subnet_mapping":[],"subnets":[],"tags":{},"tags_all":{}}}},{"address":"module.backend-lb.aws_lb_listener.front_end","module_address":"module.backend-lb","mode":"managed","type":"aws_lb_listener","name":"front_end","provider_name":"registry.terraform.io/hashicorp/aws","change":{"actions":["create"],"before":null,"after":{"alpn_policy":null,"certificate_arn":null,"default_action":[{"authenticate_cognito":[],"authenticate_oidc":[],"fixed_response":[],"forward":[],"redirect":[],"type":"forward"}],"port":80,"protocol":"HTTP","tags":null,"timeouts":null},"after_unknown":{"arn":true,"default_action":[{"authenticate_cognito":[],"authenticate_oidc":[],"fixed_response":[],"forward":[],"order":true,"redirect":[],"target_group_arn":true}],"id":true,"load_balancer_arn":true,"mutual_authentication":true,"ssl_policy":true,"tags_all":true},"before_sensitive":false,"after_sensitive":{"default_action":[{"authenticate_cognito":[],"authenticate_oidc":[],"fixed_response":[],"forward":[],"redirect":[]}],"mutual_authentication":[],"tags_all":{}}}},{"address":"module.backend-lb.aws_lb_target_group.test","module_address":"module.backend-lb","mode":"managed","type":"aws_lb_target_group","name":"test","provider_name":"registry.terraform.io/hashicorp/aws","change":{"actions":["create"],"before":null,"after":{"deregistration_delay":"300","lambda_multi_value_headers_enabled":false,"name":"backend-lb-tg","port":80,"protocol":"HTTP","proxy_protocol_v2":false,"slow_start":0,"tags":null,"target_type":"instance"},"after_unknown":{"arn":true,"arn_suffix":true,"connection_termination":true,"health_check":true,"id":true,"ip_address_type":true,"load_balancer_arns":true,"load_balancing_algorithm_type":true,"load_balancing_anomaly_mitigation":true,"load_balancing_cross_zone_enabled":true,"name_prefix":true,"preserve_client_ip":true,"protocol_version":true,"stickiness":true,"tags_all":true,"target_failover":true,"target_health_state":true,"vpc_id":true},"before_sensitive":false,"after_sensitive":{"health_check":[],"load_balancer_arns":[],"stickiness":[],"tags_all":{},"target_failover":[],"target_health_state":[]}}},{"address":"module.frontend-ALB.aws_autoscaling_group.ag","module_address":"module.frontend-ALB","mode":"managed","type":"aws_autoscaling_group","name":"ag","provider_name":"registry.terraform.io/hashicorp/aws","change":{"actions":["create"],"before":null,"after":{"capacity_rebalance":null,"context":null,"default_instance_warmup":null,"desired_capacity":1,"desired_capacity_type":null,"enabled_metrics":null,"force_delete":true,"force_delete_warm_pool":false,"health_check_grace_period":300,"health_check_type":"ELB","ignore_failed_scaling_activities":false,"initial_lifecycle_hook":[],"instance_maintenance_policy":[],"instance_refresh":[],"launch_configuration":null,"launch_template":[{"version":"$Latest"}],"max_instance_lifetime":null,"max_size":2,"metrics_granularity":"1Minute","min_elb_capacity":null,"min_size":1,"name":"three-tier-asg-frontend","placement_group":null,"protect_from_scale_in":false,"suspended_processes":null,"tag":[{"key":"Environment","propagate_at_launch":true,"value":"dev"},{"key":"Name","propagate_at_launch":true,"value":"three-tier-asg-frontend"}],"termination_policies":null,"timeouts":null,"wait_for_capacity_timeout":"10m","wait_for_elb_capacity":null,"warm_pool":[]},"after_unknown":{"arn":true,"availability_zones":true,"default_cooldown":true,"id":true,"initial_lifecycle_hook":[],"instance_maintenance_policy":[],"instance_refresh":[],"launch_template":[{"id":true,"name":true}],"load_balancers":true,"mixed_instances_policy":true,"name_prefix":true,"predicted_capacity":true,"service_linked_role_arn":true,"tag":[{},{}],"target_group_arns":true,"traffic_source":true,"vpc_zone_identifier":true,"warm_pool":[],"warm_pool_size":true},"before_sensitive":false,"after_sensitive":{"availability_zones":[],"initial_lifecycle_hook":[],"instance_maintenance_policy":[],"instance_refresh":[],"launch_template":[{}],"load_balancers":[],"mixed_instances_policy":[],"tag":[{},{}],"target_group_arns":[],"traffic_source":[],"vpc_zone_identifier":[],"warm_pool":[]}}},{"address":"module.frontend-ALB.aws_autoscaling_policy.my-asp","module_address":"module.frontend-ALB","mode":"managed","type":"aws_autoscaling_policy","name":"my-asp","provider_name":"registry.terraform.io/hashicorp/aws","change":{"actions":["create"],"before":null,"after":{"adjustment_type":null,"autoscaling_group_name":"three-tier-asg-frontend","cooldown":null,"enabled":true,"estimated_instance_warmup":null,"min_adjustment_magnitude":null,"name":"three-tier-asg-policy-frontend","policy_type":"TargetTrackingScaling","predictive_scaling_configuration":[],"scaling_adjustment":null,"step_adjustment":[],"target_tracking_configuration":[{"customized_metric_specification":[],"disable_scale_in":false,"predefined_metric_specification":[{"predefined_metric_type":"ASGAverageCPUUtilization","resource_label":null}],"target_value":50}]},"after_unknown":{"arn":true,"id":true,"metric_aggregation_type":true,"predictive_scaling_configuration":[],"step_adjustment":[],"target_tracking_configuration":[{"customized_metric_specification":[],"predefined_metric_specification":[{}]}]},"before_sensitive":false,"after_sensitive":{"predictive_scaling_configuration":[],"step_adjustment":[],"target_tracking_configuration":[{"customized_metric_specification":[],"predefined_metric_specification":[{}]}]}}},{"address":"module.frontend-ALB.aws_launch_template.my-lc","module_address":"module.frontend-ALB","mode":"managed","type":"aws_launch_template","name":"my-lc","provider_name":"registry.terraform.io/hashicorp/aws","change":{"actions":["create"],"before":null,"after":{"block_device_mappings":[],"capacity_reservation_specification":[],"cpu_options":[],"credit_specification":[],"description":null,"disable_api_stop":null,"disable_api_termination":null,"ebs_optimized":null,"elastic_gpu_specifications":[],"elastic_inference_accelerator":[],"enclave_options":[],"hibernation_options":[],"iam_instance_profile":[],"image_id":"ami-04b70fa74e45c3917","instance_initiated_shutdown_behavior":null,"instance_market_options":[],"instance_requirements":[],"instance_type":"t2.micro","kernel_id":null,"key_name":"Soham","license_specification":[],"maintenance_options":[],"monitoring":[],"network_interfaces":[],"placement":[],"private_dns_name_options":[],"ram_disk_id":null,"security_group_names":null,"tag_specifications":[],"tags":{"Environment":"dev","Name":"frontend-dev-instances"},"tags_all":{"Environment":"dev","Name":"frontend-dev-instances"},"update_default_version":null,"user_data":"IyEvYmluL2Jhc2gKc3VkbyBhcHQgdWRwYXRlIApzdWRvIGFwdCBpbnN0YWxsIG5naW54IC15IApzdWRvIHN5c3RlbWN0bCBlbmFibGUgbmdpbngKc3VkbyBzeXN0ZW1jdGwgc3RhcnQgbmdpbngK"},"after_unknown":{"arn":true,"block_device_mappings":[],"capacity_reservation_specification":[],"cpu_options":[],"credit_specification":[],"default_version":true,"elastic_gpu_specifications":[],"elastic_inference_accelerator":[],"enclave_options":[],"hibernation_options":[],"iam_instance_profile":[],"id":true,"instance_market_options":[],"instance_requirements":[],"latest_version":true,"license_specification":[],"maintenance_options":[],"metadata_options":true,"monitoring":[],"name":true,"name_prefix":true,"network_interfaces":[],"placement":[],"private_dns_name_options":[],"tag_specifications":[],"tags":{},"tags_all":{},"vpc_security_group_ids":true},"before_sensitive":false,"after_sensitive":{"block_device_mappings":[],"capacity_reservation_specification":[],"cpu_options":[],"credit_specification":[],"elastic_gpu_specifications":[],"elastic_inference_accelerator":[],"enclave_options":[],"hibernation_options":[],"iam_instance_profile":[],"instance_market_options":[],"instance_requirements":[],"license_specification":[],"maintenance_options":[],"metadata_options":[],"monitoring":[],"network_interfaces":[],"placement":[],"private_dns_name_options":[],"tag_specifications":[],"tags":{},"tags_all":{},"vpc_security_group_ids":[]}}},{"address":"module.frontend-lb.aws_lb.my-lb","module_address":"module.frontend-lb","mode":"managed","type":"aws_lb","name":"my-lb","provider_name":"registry.terraform.io/hashicorp/aws","change":{"actions":["create"],"before":null,"after":{"access_logs":[],"client_keep_alive":3600,"connection_logs":[],"customer_owned_ipv4_pool":null,"desync_mitigation_mode":"defensive","dns_record_client_routing_policy":null,"drop_invalid_header_fields":false,"enable_cross_zone_load_balancing":null,"enable_deletion_protection":false,"enable_http2":true,"enable_tls_version_and_cipher_suite_headers":false,"enable_waf_fail_open":false,"enable_xff_client_port":false,"idle_timeout":60,"internal":false,"load_balancer_type":"application","name":"frontend-three-tier-lb","preserve_host_header":false,"tags":{"Enviornment":"dev","Name":"frontend-three-tier-lb"},"tags_all":{"Enviornment":"dev","Name":"frontend-three-tier-lb"},"timeouts":null,"xff_header_processing_mode":"append"},"after_unknown":{"access_logs":[],"arn":true,"arn_suffix":true,"connection_logs":[],"dns_name":true,"enforce_security_group_inbound_rules_on_private_link_traffic":true,"id":true,"ip_address_type":true,"name_prefix":true,"security_groups":true,"subnet_mapping":true,"subnets":true,"tags":{},"tags_all":{},"vpc_id":true,"zone_id":true},"before_sensitive":false,"after_sensitive":{"access_logs":[],"connection_logs":[],"security_groups":[],"subnet_mapping":[],"subnets":[],"tags":{},"tags_all":{}}}},{"address":"module.frontend-lb.aws_lb_listener.front_end","module_address":"module.frontend-lb","mode":"managed","type":"aws_lb_listener","name":"front_end","provider_name":"registry.terraform.io/hashicorp/aws","change":{"actions":["create"],"before":null,"after":{"alpn_policy":null,"certificate_arn":null,"default_action":[{"authenticate_cognito":[],"authenticate_oidc":[],"fixed_response":[],"forward":[],"redirect":[],"type":"forward"}],"port":80,"protocol":"HTTP","tags":null,"timeouts":null},"after_unknown":{"arn":true,"default_action":[{"authenticate_cognito":[],"authenticate_oidc":[],"fixed_response":[],"forward":[],"order":true,"redirect":[],"target_group_arn":true}],"id":true,"load_balancer_arn":true,"mutual_authentication":true,"ssl_policy":true,"tags_all":true},"before_sensitive":false,"after_sensitive":{"default_action":[{"authenticate_cognito":[],"authenticate_oidc":[],"fixed_response":[],"forward":[],"redirect":[]}],"mutual_authentication":[],"tags_all":{}}}},{"address":"module.frontend-lb.aws_lb_target_group.test","module_address":"module.frontend-lb","mode":"managed","type":"aws_lb_target_group","name":"test","provider_name":"registry.terraform.io/hashicorp/aws","change":{"actions":["create"],"before":null,"after":{"deregistration_delay":"300","lambda_multi_value_headers_enabled":false,"name":"frontend-lb-tg","port":80,"protocol":"HTTP","proxy_protocol_v2":false,"slow_start":0,"tags":null,"target_type":"instance"},"after_unknown":{"arn":true,"arn_suffix":true,"connection_termination":true,"health_check":true,"id":true,"ip_address_type":true,"load_balancer_arns":true,"load_balancing_algorithm_type":true,"load_balancing_anomaly_mitigation":true,"load_balancing_cross_zone_enabled":true,"name_prefix":true,"preserve_client_ip":true,"protocol_version":true,"stickiness":true,"tags_all":true,"target_failover":true,"target_health_state":true,"vpc_id":true},"before_sensitive":false,"after_sensitive":{"health_check":[],"load_balancer_arns":[],"stickiness":[],"tags_all":{},"target_failover":[],"target_health_state":[]}}},{"address":"module.rds.aws_db_instance.default","module_address":"module.rds","mode":"managed","type":"aws_db_instance","name":"default","provider_name":"registry.terraform.io/hashicorp/aws","change":{"actions":["create"],"before":null,"after":{"allocated_storage":10,"allow_major_version_upgrade":null,"apply_immediately":false,"auto_minor_version_upgrade":true,"blue_green_update":[],"copy_tags_to_snapshot":false,"custom_iam_instance_profile":null,"customer_owned_ip_enabled":null,"db_name":"ThreeTierDb","db_subnet_group_name":"three-tier-subnet-group","dedicated_log_volume":false,"delete_automated_backups":true,"deletion_protection":null,"domain":null,"domain_auth_secret_arn":null,"domain_dns_ips":null,"domain_iam_role_name":null,"domain_ou":null,"enabled_cloudwatch_logs_exports":null,"engine":"mysql","engine_version":"8.0","final_snapshot_identifier":null,"iam_database_authentication_enabled":null,"identifier":"three-tier-db-dev","instance_class":"db.t3.micro","manage_master_user_password":null,"max_allocated_storage":null,"monitoring_interval":0,"password":"Soham4290","performance_insights_enabled":false,"publicly_accessible":false,"replicate_source_db":null,"restore_to_point_in_time":[],"s3_import":[],"skip_final_snapshot":true,"storage_encrypted":null,"tags":{"Environment":"dev","Name":"ThreeTierDb"},"tags_all":{"Environment":"dev","Name":"ThreeTierDb"},"timeouts":null,"username":"soham"},"after_unknown":{"address":true,"arn":true,"availability_zone":true,"backup_retention_period":true,"backup_target":true,"backup_window":true,"blue_green_update":[],"ca_cert_identifier":true,"character_set_name":true,"domain_fqdn":true,"endpoint":true,"engine_version_actual":true,"hosted_zone_id":true,"id":true,"identifier_prefix":true,"iops":true,"kms_key_id":true,"latest_restorable_time":true,"license_model":true,"listener_endpoint":true,"maintenance_window":true,"master_user_secret":true,"master_user_secret_kms_key_id":true,"monitoring_role_arn":true,"multi_az":true,"nchar_character_set_name":true,"network_type":true,"option_group_name":true,"parameter_group_name":true,"performance_insights_kms_key_id":true,"performance_insights_retention_period":true,"port":true,"replica_mode":true,"replicas":true,"resource_id":true,"restore_to_point_in_time":[],"s3_import":[],"snapshot_identifier":true,"status":true,"storage_throughput":true,"storage_type":true,"tags":{},"tags_all":{},"timezone":true,"vpc_security_group_ids":true},"before_sensitive":false,"after_sensitive":{"blue_green_update":[],"listener_endpoint":[],"master_user_secret":[],"password":true,"replicas":[],"restore_to_point_in_time":[],"s3_import":[],"tags":{},"tags_all":{},"vpc_security_group_ids":[]}}},{"address":"module.rds.aws_db_instance.default_replica","module_address":"module.rds","mode":"managed","type":"aws_db_instance","name":"default_replica","provider_name":"registry.terraform.io/hashicorp/aws","change":{"actions":["create"],"before":null,"after":{"allocated_storage":10,"allow_major_version_upgrade":null,"apply_immediately":false,"auto_minor_version_upgrade":true,"blue_green_update":[],"copy_tags_to_snapshot":false,"custom_iam_instance_profile":null,"customer_owned_ip_enabled":null,"db_subnet_group_name":"three-tier-subnet-group","dedicated_log_volume":false,"delete_automated_backups":true,"deletion_protection":null,"domain":null,"domain_auth_secret_arn":null,"domain_dns_ips":null,"domain_iam_role_name":null,"domain_ou":null,"enabled_cloudwatch_logs_exports":null,"engine":"mysql","engine_version":"8.0","final_snapshot_identifier":null,"iam_database_authentication_enabled":null,"identifier":"three-tier-db-dev-replica","instance_class":"db.t3.micro","manage_master_user_password":null,"max_allocated_storage":null,"monitoring_interval":0,"password":null,"performance_insights_enabled":false,"publicly_accessible":false,"replicate_source_db":"three-tier-db-dev","restore_to_point_in_time":[],"s3_import":[],"skip_final_snapshot":true,"storage_encrypted":null,"tags":{"Environment":"dev","Name":"ThreeTierDb"},"tags_all":{"Environment":"dev","Name":"ThreeTierDb"},"timeouts":null},"after_unknown":{"address":true,"arn":true,"availability_zone":true,"backup_retention_period":true,"backup_target":true,"backup_window":true,"blue_green_update":[],"ca_cert_identifier":true,"character_set_name":true,"db_name":true,"domain_fqdn":true,"endpoint":true,"engine_version_actual":true,"hosted_zone_id":true,"id":true,"identifier_prefix":true,"iops":true,"kms_key_id":true,"latest_restorable_time":true,"license_model":true,"listener_endpoint":true,"maintenance_window":true,"master_user_secret":true,"master_user_secret_kms_key_id":true,"monitoring_role_arn":true,"multi_az":true,"nchar_character_set_name":true,"network_type":true,"option_group_name":true,"parameter_group_name":true,"performance_insights_kms_key_id":true,"performance_insights_retention_period":true,"port":true,"replica_mode":true,"replicas":true,"resource_id":true,"restore_to_point_in_time":[],"s3_import":[],"snapshot_identifier":true,"status":true,"storage_throughput":true,"storage_type":true,"tags":{},"tags_all":{},"timezone":true,"username":true,"vpc_security_group_ids":true},"before_sensitive":false,"after_sensitive":{"blue_green_update":[],"listener_endpoint":[],"master_user_secret":[],"password":true,"replicas":[],"restore_to_point_in_time":[],"s3_import":[],"tags":{},"tags_all":{},"vpc_security_group_ids":[]}}},{"address":"module.rds.aws_db_subnet_group.default","module_address":"module.rds","mode":"managed","type":"aws_db_subnet_group","name":"default","provider_name":"registry.terraform.io/hashicorp/aws","change":{"actions":["create"],"before":null,"after":{"description":"Managed by Terraform","name":"three-tier-subnet-group","tags":{"Name":"three-tier-subnet-group"},"tags_all":{"Name":"three-tier-subnet-group"}},"after_unknown":{"arn":true,"id":true,"name_prefix":true,"subnet_ids":true,"supported_network_types":true,"tags":{},"tags_all":{},"vpc_id":true},"before_sensitive":false,"after_sensitive":{"subnet_ids":[],"supported_network_types":[],"tags":{},"tags_all":{}}}},{"address":"module.sg.aws_security_group.my-sg","module_address":"module.sg","mode":"managed","type":"aws_security_group","name":"my-sg","provider_name":"registry.terraform.io/hashicorp/aws","change":{"actions":["create"],"before":null,"after":{"description":"a test sg","egress":[{"cidr_blocks":["0.0.0.0/0"],"description":"Allow all outbound traffic","from_port":0,"ipv6_cidr_blocks":[],"prefix_list_ids":[],"protocol":"-1","security_groups":[],"self":false,"to_port":0}],"ingress":[{"cidr_blocks":["0.0.0.0/0"],"description":"Backend Port","from_port":3000,"ipv6_cidr_blocks":[],"prefix_list_ids":[],"protocol":"tcp","security_groups":[],"self":false,"to_port":3000},{"cidr_blocks":["0.0.0.0/0"],"description":"HTTP Port","from_port":80,"ipv6_cidr_blocks":[],"prefix_list_ids":[],"protocol":"tcp","security_groups":[],"self":false,"to_port":80},{"cidr_blocks":["0.0.0.0/0"],"description":"MYSQL Port","from_port":3306,"ipv6_cidr_blocks":[],"prefix_list_ids":[],"protocol":"tcp","security_groups":[],"self":false,"to_port":3306},{"cidr_blocks":["0.0.0.0/0"],"description":"SSH Port","from_port":22,"ipv6_cidr_blocks":[],"prefix_list_ids":[],"protocol":"tcp","security_groups":[],"self":false,"to_port":22}],"name":"test-sg","revoke_rules_on_delete":false,"tags":{"Name":"test-sg"},"tags_all":{"Name":"test-sg"},"timeouts":null},"after_unknown":{"arn":true,"egress":[{"cidr_blocks":[false],"ipv6_cidr_blocks":[],"prefix_list_ids":[],"security_groups":[]}],"id":true,"ingress":[{"cidr_blocks":[false],"ipv6_cidr_blocks":[],"prefix_list_ids":[],"security_groups":[]},{"cidr_blocks":[false],"ipv6_cidr_blocks":[],"prefix_list_ids":[],"security_groups":[]},{"cidr_blocks":[false],"ipv6_cidr_blocks":[],"prefix_list_ids":[],"security_groups":[]},{"cidr_blocks":[false],"ipv6_cidr_blocks":[],"prefix_list_ids":[],"security_groups":[]}],"name_prefix":true,"owner_id":true,"tags":{},"tags_all":{},"vpc_id":true},"before_sensitive":false,"after_sensitive":{"egress":[{"cidr_blocks":[false],"ipv6_cidr_blocks":[],"prefix_list_ids":[],"security_groups":[]}],"ingress":[{"cidr_blocks":[false],"ipv6_cidr_blocks":[],"prefix_list_ids":[],"security_groups":[]},{"cidr_blocks":[false],"ipv6_cidr_blocks":[],"prefix_list_ids":[],"security_groups":[]},{"cidr_blocks":[false],"ipv6_cidr_blocks":[],"prefix_list_ids":[],"security_groups":[]},{"cidr_blocks":[false],"ipv6_cidr_blocks":[],"prefix_list_ids":[],"security_groups":[]}],"tags":{},"tags_all":{}}}},{"address":"module.vpc.aws_eip.eip","module_address":"module.vpc","mode":"managed","type":"aws_eip","name":"eip","provider_name":"registry.terraform.io/hashicorp/aws","change":{"actions":["create"],"before":null,"after":{"address":null,"associate_with_private_ip":null,"customer_owned_ipv4_pool":null,"domain":"vpc","tags":null,"timeouts":null},"after_unknown":{"allocation_id":true,"arn":true,"association_id":true,"carrier_ip":true,"customer_owned_ip":true,"id":true,"instance":true,"network_border_group":true,"network_interface":true,"private_dns":true,"private_ip":true,"ptr_record":true,"public_dns":true,"public_ip":true,"public_ipv4_pool":true,"tags_all":true,"vpc":true},"before_sensitive":false,"after_sensitive":{"tags_all":{}}}},{"address":"module.vpc.aws_internet_gateway.igw","module_address":"module.vpc","mode":"managed","type":"aws_internet_gateway","name":"igw","provider_name":"registry.terraform.io/hashicorp/aws","change":{"actions":["create"],"before":null,"after":{"tags":{"Name":"my-igw"},"tags_all":{"Name":"my-igw"},"timeouts":null},"after_unknown":{"arn":true,"id":true,"owner_id":true,"tags":{},"tags_all":{},"vpc_id":true},"before_sensitive":false,"after_sensitive":{"tags":{},"tags_all":{}}}},{"address":"module.vpc.aws_nat_gateway.nat","module_address":"module.vpc","mode":"managed","type":"aws_nat_gateway","name":"nat","provider_name":"registry.terraform.io/hashicorp/aws","change":{"actions":["create"],"before":null,"after":{"connectivity_type":"public","secondary_allocation_ids":null,"tags":{"Name":"gw NAT"},"tags_all":{"Name":"gw NAT"},"timeouts":null},"after_unknown":{"allocation_id":true,"association_id":true,"id":true,"network_interface_id":true,"private_ip":true,"public_ip":true,"secondary_private_ip_address_count":true,"secondary_private_ip_addresses":true,"subnet_id":true,"tags":{},"tags_all":{}},"before_sensitive":false,"after_sensitive":{"secondary_private_ip_addresses":[],"tags":{},"tags_all":{}}}},{"address":"module.vpc.aws_route_table.private-rt","module_address":"module.vpc","mode":"managed","type":"aws_route_table","name":"private-rt","provider_name":"registry.terraform.io/hashicorp/aws","change":{"actions":["create"],"before":null,"after":{"route":[{"carrier_gateway_id":"","cidr_block":"0.0.0.0/0","core_network_arn":"","destination_prefix_list_id":"","egress_only_gateway_id":"","ipv6_cidr_block":"","local_gateway_id":"","nat_gateway_id":"","network_interface_id":"","transit_gateway_id":"","vpc_endpoint_id":"","vpc_peering_connection_id":""}],"tags":{"Name":"private-rt"},"tags_all":{"Name":"private-rt"},"timeouts":null},"after_unknown":{"arn":true,"id":true,"owner_id":true,"propagating_vgws":true,"route":[{"gateway_id":true}],"tags":{},"tags_all":{},"vpc_id":true},"before_sensitive":false,"after_sensitive":{"propagating_vgws":[],"route":[{}],"tags":{},"tags_all":{}}}},{"address":"module.vpc.aws_route_table.public-rt","module_address":"module.vpc","mode":"managed","type":"aws_route_table","name":"public-rt","provider_name":"registry.terraform.io/hashicorp/aws","change":{"actions":["create"],"before":null,"after":{"route":[{"carrier_gateway_id":"","cidr_block":"0.0.0.0/0","core_network_arn":"","destination_prefix_list_id":"","egress_only_gateway_id":"","ipv6_cidr_block":"","local_gateway_id":"","nat_gateway_id":"","network_interface_id":"","transit_gateway_id":"","vpc_endpoint_id":"","vpc_peering_connection_id":""}],"tags":{"Name":"public-rt"},"tags_all":{"Name":"public-rt"},"timeouts":null},"after_unknown":{"arn":true,"id":true,"owner_id":true,"propagating_vgws":true,"route":[{"gateway_id":true}],"tags":{},"tags_all":{},"vpc_id":true},"before_sensitive":false,"after_sensitive":{"propagating_vgws":[],"route":[{}],"tags":{},"tags_all":{}}}},{"address":"module.vpc.aws_route_table_association.a","module_address":"module.vpc","mode":"managed","type":"aws_route_table_association","name":"a","provider_name":"registry.terraform.io/hashicorp/aws","change":{"actions":["create"],"before":null,"after":{"gateway_id":null,"timeouts":null},"after_unknown":{"id":true,"route_table_id":true,"subnet_id":true},"before_sensitive":false,"after_sensitive":{}}},{"address":"module.vpc.aws_route_table_association.b","module_address":"module.vpc","mode":"managed","type":"aws_route_table_association","name":"b","provider_name":"registry.terraform.io/hashicorp/aws","change":{"actions":["create"],"before":null,"after":{"gateway_id":null,"timeouts":null},"after_unknown":{"id":true,"route_table_id":true,"subnet_id":true},"before_sensitive":false,"after_sensitive":{}}},{"address":"module.vpc.aws_route_table_association.c","module_address":"module.vpc","mode":"managed","type":"aws_route_table_association","name":"c","provider_name":"registry.terraform.io/hashicorp/aws","change":{"actions":["create"],"before":null,"after":{"gateway_id":null,"timeouts":null},"after_unknown":{"id":true,"route_table_id":true,"subnet_id":true},"before_sensitive":false,"after_sensitive":{}}},{"address":"module.vpc.aws_route_table_association.d","module_address":"module.vpc","mode":"managed","type":"aws_route_table_association","name":"d","provider_name":"registry.terraform.io/hashicorp/aws","change":{"actions":["create"],"before":null,"after":{"gateway_id":null,"timeouts":null},"after_unknown":{"id":true,"route_table_id":true,"subnet_id":true},"before_sensitive":false,"after_sensitive":{}}},{"address":"module.vpc.aws_subnet.private_subnet_1","module_address":"module.vpc","mode":"managed","type":"aws_subnet","name":"private_subnet_1","provider_name":"registry.terraform.io/hashicorp/aws","change":{"actions":["create"],"before":null,"after":{"assign_ipv6_address_on_creation":false,"availability_zone":"us-east-1b","cidr_block":"10.0.1.0/24","customer_owned_ipv4_pool":null,"enable_dns64":false,"enable_lni_at_device_index":null,"enable_resource_name_dns_a_record_on_launch":false,"enable_resource_name_dns_aaaa_record_on_launch":false,"ipv6_cidr_block":null,"ipv6_native":false,"map_customer_owned_ip_on_launch":null,"map_public_ip_on_launch":false,"outpost_arn":null,"tags":{"Name":"Three-tier-Private-subnet"},"tags_all":{"Name":"Three-tier-Private-subnet"},"timeouts":null},"after_unknown":{"arn":true,"availability_zone_id":true,"id":true,"ipv6_cidr_block_association_id":true,"owner_id":true,"private_dns_hostname_type_on_launch":true,"tags":{},"tags_all":{},"vpc_id":true},"before_sensitive":false,"after_sensitive":{"tags":{},"tags_all":{}}}},{"address":"module.vpc.aws_subnet.private_subnet_2","module_address":"module.vpc","mode":"managed","type":"aws_subnet","name":"private_subnet_2","provider_name":"registry.terraform.io/hashicorp/aws","change":{"actions":["create"],"before":null,"after":{"assign_ipv6_address_on_creation":false,"availability_zone":"us-east-1a","cidr_block":"10.0.3.0/24","customer_owned_ipv4_pool":null,"enable_dns64":false,"enable_lni_at_device_index":null,"enable_resource_name_dns_a_record_on_launch":false,"enable_resource_name_dns_aaaa_record_on_launch":false,"ipv6_cidr_block":null,"ipv6_native":false,"map_customer_owned_ip_on_launch":null,"map_public_ip_on_launch":false,"outpost_arn":null,"tags":{"Name":"Three-tier-Private-subnet-2"},"tags_all":{"Name":"Three-tier-Private-subnet-2"},"timeouts":null},"after_unknown":{"arn":true,"availability_zone_id":true,"id":true,"ipv6_cidr_block_association_id":true,"owner_id":true,"private_dns_hostname_type_on_launch":true,"tags":{},"tags_all":{},"vpc_id":true},"before_sensitive":false,"after_sensitive":{"tags":{},"tags_all":{}}}},{"address":"module.vpc.aws_subnet.public_subnet_1","module_address":"module.vpc","mode":"managed","type":"aws_subnet","name":"public_subnet_1","provider_name":"registry.terraform.io/hashicorp/aws","change":{"actions":["create"],"before":null,"after":{"assign_ipv6_address_on_creation":false,"availability_zone":"us-east-1a","cidr_block":"10.0.0.0/24","customer_owned_ipv4_pool":null,"enable_dns64":false,"enable_lni_at_device_index":null,"enable_resource_name_dns_a_record_on_launch":false,"enable_resource_name_dns_aaaa_record_on_launch":false,"ipv6_cidr_block":null,"ipv6_native":false,"map_customer_owned_ip_on_launch":null,"map_public_ip_on_launch":true,"outpost_arn":null,"tags":{"Name":"Three-tier-Public-Subnet"},"tags_all":{"Name":"Three-tier-Public-Subnet"},"timeouts":null},"after_unknown":{"arn":true,"availability_zone_id":true,"id":true,"ipv6_cidr_block_association_id":true,"owner_id":true,"private_dns_hostname_type_on_launch":true,"tags":{},"tags_all":{},"vpc_id":true},"before_sensitive":false,"after_sensitive":{"tags":{},"tags_all":{}}}},{"address":"module.vpc.aws_subnet.public_subnet_2","module_address":"module.vpc","mode":"managed","type":"aws_subnet","name":"public_subnet_2","provider_name":"registry.terraform.io/hashicorp/aws","change":{"actions":["create"],"before":null,"after":{"assign_ipv6_address_on_creation":false,"availability_zone":"us-east-1b","cidr_block":"10.0.2.0/24","customer_owned_ipv4_pool":null,"enable_dns64":false,"enable_lni_at_device_index":null,"enable_resource_name_dns_a_record_on_launch":false,"enable_resource_name_dns_aaaa_record_on_launch":false,"ipv6_cidr_block":null,"ipv6_native":false,"map_customer_owned_ip_on_launch":null,"map_public_ip_on_launch":true,"outpost_arn":null,"tags":{"Name":"Three-tier-Public-Subnet-2"},"tags_all":{"Name":"Three-tier-Public-Subnet-2"},"timeouts":null},"after_unknown":{"arn":true,"availability_zone_id":true,"id":true,"ipv6_cidr_block_association_id":true,"owner_id":true,"private_dns_hostname_type_on_launch":true,"tags":{},"tags_all":{},"vpc_id":true},"before_sensitive":false,"after_sensitive":{"tags":{},"tags_all":{}}}},{"address":"module.vpc.aws_vpc.my-vpc","module_address":"module.vpc","mode":"managed","type":"aws_vpc","name":"my-vpc","provider_name":"registry.terraform.io/hashicorp/aws","change":{"actions":["create"],"before":null,"after":{"assign_generated_ipv6_cidr_block":null,"cidr_block":"10.0.0.0/16","enable_dns_hostnames":true,"enable_dns_support":true,"instance_tenancy":"default","ipv4_ipam_pool_id":null,"ipv4_netmask_length":null,"ipv6_ipam_pool_id":null,"ipv6_netmask_length":null,"tags":{"Name":"three-tier-VPC"},"tags_all":{"Name":"three-tier-VPC"}},"after_unknown":{"arn":true,"default_network_acl_id":true,"default_route_table_id":true,"default_security_group_id":true,"dhcp_options_id":true,"enable_network_address_usage_metrics":true,"id":true,"ipv6_association_id":true,"ipv6_cidr_block":true,"ipv6_cidr_block_network_border_group":true,"main_route_table_id":true,"owner_id":true,"tags":{},"tags_all":{}},"before_sensitive":false,"after_sensitive":{"tags":{},"tags_all":{}}}}],"prior_state":{"format_version":"1.0","terraform_version":"1.3.7","values":{"root_module":{"child_modules":[{"resources":[{"address":"module.rds.data.aws_secretsmanager_secret.rds_password","mode":"data","type":"aws_secretsmanager_secret","name":"rds_password","provider_name":"registry.terraform.io/hashicorp/aws","schema_version":0,"values":{"arn":"arn:aws:secretsmanager:us-east-1:407622020962:secret:my_rds_password_1-NAUlEA","created_date":"2024-06-03T13:48:39Z","description":"","id":"arn:aws:secretsmanager:us-east-1:407622020962:secret:my_rds_password_1-NAUlEA","kms_key_id":"","last_changed_date":"2024-06-03T13:48:40Z","name":"my_rds_password_1","policy":"","tags":{}},"sensitive_values":{"tags":{}}},{"address":"module.rds.data.aws_secretsmanager_secret_version.secret-version","mode":"data","type":"aws_secretsmanager_secret_version","name":"secret-version","provider_name":"registry.terraform.io/hashicorp/aws","schema_version":0,"values":{"arn":"arn:aws:secretsmanager:us-east-1:407622020962:secret:my_rds_password_1-NAUlEA","created_date":"2024-06-03T13:48:40Z","id":"arn:aws:secretsmanager:us-east-1:407622020962:secret:my_rds_password_1-NAUlEA|AWSCURRENT","secret_binary":"","secret_id":"arn:aws:secretsmanager:us-east-1:407622020962:secret:my_rds_password_1-NAUlEA","secret_string":"Soham4290","version_id":"93911440-faa1-4987-8365-07459482c9ff","version_stage":"AWSCURRENT","version_stages":["AWSCURRENT"]},"sensitive_values":{"version_stages":[false]}}],"address":"module.rds"}]}}},"configuration":{"provider_config":{"aws":{"name":"aws","full_name":"registry.terraform.io/hashicorp/aws","expressions":{"region":{"constant_value":"us-east-1"}}}},"root_module":{"module_calls":{"backend-ALB":{"source":"../Modules/ASG","expressions":{"Environment":{"constant_value":"dev"},"alb_group_name":{"constant_value":"three-tier-asg-backend"},"ami":{"constant_value":"ami-04b70fa74e45c3917"},"asg_policy_name":{"constant_value":"three-tier-asg-policy-backend"},"desired_capacity":{"constant_value":1},"health_check_type":{"constant_value":"ELB"},"instance_name":{"constant_value":"backend-dev-instances"},"instance_type":{"constant_value":"t2.micro"},"key_name":{"constant_value":"Soham"},"lb_target_group_arns":{"references":["module.backend-lb.target_group_arn","module.backend-lb"]},"max_size":{"constant_value":2},"min_size":{"constant_value":1},"policy_type":{"constant_value":"TargetTrackingScaling"},"predefined_metric_type":{"constant_value":"ASGAverageCPUUtilization"},"security_groups":{"references":["module.sg.id","module.sg"]},"subnets_alb":{"references":["module.vpc.private_subnet_id","module.vpc","module.vpc.private_subnet_id_2","module.vpc"]},"target_value":{"constant_value":50}},"module":{"resources":[{"address":"aws_autoscaling_group.ag","mode":"managed","type":"aws_autoscaling_group","name":"ag","provider_config_key":"aws","expressions":{"desired_capacity":{"references":["var.desired_capacity"]},"force_delete":{"constant_value":true},"health_check_type":{"references":["var.health_check_type"]},"launch_template":[{"id":{"references":["aws_launch_template.my-lc.id","aws_launch_template.my-lc"]},"version":{"constant_value":"$Latest"}}],"max_size":{"references":["var.max_size"]},"min_size":{"references":["var.min_size"]},"name":{"references":["var.alb_group_name"]},"tag":[{"key":{"constant_value":"Name"},"propagate_at_launch":{"constant_value":true},"value":{"references":["var.alb_group_name"]}},{"key":{"constant_value":"Environment"},"propagate_at_launch":{"constant_value":true},"value":{"references":["var.Environment"]}}],"target_group_arns":{"references":["var.lb_target_group_arns"]},"vpc_zone_identifier":{"references":["var.subnets_alb"]}},"schema_version":1},{"address":"aws_autoscaling_policy.my-asp","mode":"managed","type":"aws_autoscaling_policy","name":"my-asp","provider_config_key":"aws","expressions":{"autoscaling_group_name":{"references":["aws_autoscaling_group.ag.name","aws_autoscaling_group.ag"]},"name":{"references":["var.asg_policy_name"]},"policy_type":{"references":["var.policy_type"]},"target_tracking_configuration":[{"predefined_metric_specification":[{"predefined_metric_type":{"references":["var.predefined_metric_type"]}}],"target_value":{"references":["var.target_value"]}}]},"schema_version":0},{"address":"aws_launch_template.my-lc","mode":"managed","type":"aws_launch_template","name":"my-lc","provider_config_key":"aws","expressions":{"image_id":{"references":["var.ami"]},"instance_type":{"references":["var.instance_type"]},"key_name":{"references":["var.key_name"]},"tags":{"references":["var.instance_name","var.Environment"]},"user_data":{},"vpc_security_group_ids":{"references":["var.security_groups"]}},"schema_version":0}],"variables":{"Environment":{"description":"Enviornment in which the instance will be launched"},"alb_group_name":{"description":"alb_group_name"},"ami":{"description":"AMI ID for the instance"},"asg_policy_name":{"description":"asg_policy_name"},"desired_capacity":{"description":"desired_capacity of instances in asg"},"health_check_type":{"description":"health_check_type"},"instance_name":{"description":"Instance Name"},"instance_type":{"description":"Instance type"},"key_name":{"description":"Key name to attach the instance"},"lb_target_group_arns":{"description":"lb_target_group_arns"},"max_size":{"description":"max number of instances in asg group"},"min_size":{"description":"min number of instances in asg group"},"policy_type":{"description":"policy_type"},"predefined_metric_type":{"description":"predefined_metric_type"},"security_groups":{"description":"list of security group ids to attach to the instance"},"subnets_alb":{"description":"subnets_alb"},"target_value":{"description":"target_value"}}}},"backend-lb":{"source":"../Modules/Load-Balancer","expressions":{"Environment":{"constant_value":"dev"},"internal":{"constant_value":true},"load_balancer_name":{"constant_value":"backend-three-tier-lb"},"load_balancer_type":{"constant_value":"application"},"protocol":{"constant_value":"HTTP"},"security_groups":{"references":["module.sg.id","module.sg"]},"subnets":{"references":["module.vpc.private_subnet_id","module.vpc","module.vpc.private_subnet_id_2","module.vpc"]},"target_group_name":{"constant_value":"backend-lb-tg"},"target_group_port":{"constant_value":"80"},"vpc_id":{"references":["module.vpc.vpc_id","module.vpc"]}},"module":{"outputs":{"target_group_arn":{"expression":{"references":["aws_lb_target_group.test.arn","aws_lb_target_group.test"]},"description":"target_group_arn"}},"resources":[{"address":"aws_lb.my-lb","mode":"managed","type":"aws_lb","name":"my-lb","provider_config_key":"aws","expressions":{"internal":{"references":["var.internal"]},"load_balancer_type":{"references":["var.load_balancer_type"]},"name":{"references":["var.load_balancer_name"]},"security_groups":{"references":["var.security_groups"]},"subnets":{"references":["var.subnets"]},"tags":{"references":["var.load_balancer_name","var.Environment"]}},"schema_version":0},{"address":"aws_lb_listener.front_end","mode":"managed","type":"aws_lb_listener","name":"front_end","provider_config_key":"aws","expressions":{"default_action":[{"target_group_arn":{"references":["aws_lb_target_group.test.arn","aws_lb_target_group.test"]},"type":{"constant_value":"forward"}}],"load_balancer_arn":{"references":["aws_lb.my-lb.arn","aws_lb.my-lb"]},"port":{"references":["var.target_group_port"]},"protocol":{"references":["var.protocol"]}},"schema_version":0},{"address":"aws_lb_target_group.test","mode":"managed","type":"aws_lb_target_group","name":"test","provider_config_key":"aws","expressions":{"name":{"references":["var.target_group_name"]},"port":{"references":["var.target_group_port"]},"protocol":{"references":["var.protocol"]},"vpc_id":{"references":["var.vpc_id"]}},"schema_version":0}],"variables":{"Environment":{"description":"Environment"},"internal":{"description":"internal lb"},"load_balancer_name":{"description":"load_balancer_name"},"load_balancer_type":{"description":"load_balancer_type application, network"},"protocol":{"description":"protocol"},"security_groups":{"description":"security_groups"},"subnets":{"description":"subnets"},"target_group_name":{"description":"target_group_name"},"target_group_port":{"description":"target_group_port"},"vpc_id":{"description":"vpc_id"}}}},"frontend-ALB":{"source":"../Modules/ASG","expressions":{"Environment":{"constant_value":"dev"},"alb_group_name":{"constant_value":"three-tier-asg-frontend"},"ami":{"constant_value":"ami-04b70fa74e45c3917"},"asg_policy_name":{"constant_value":"three-tier-asg-policy-frontend"},"desired_capacity":{"constant_value":1},"health_check_type":{"constant_value":"ELB"},"instance_name":{"constant_value":"frontend-dev-instances"},"instance_type":{"constant_value":"t2.micro"},"key_name":{"constant_value":"Soham"},"lb_target_group_arns":{"references":["module.frontend-lb.target_group_arn","module.frontend-lb"]},"max_size":{"constant_value":2},"min_size":{"constant_value":1},"policy_type":{"constant_value":"TargetTrackingScaling"},"predefined_metric_type":{"constant_value":"ASGAverageCPUUtilization"},"security_groups":{"references":["module.sg.id","module.sg"]},"subnets_alb":{"references":["module.vpc.public_subnet_id","module.vpc","module.vpc.public_subnet_id_2","module.vpc"]},"target_value":{"constant_value":50}},"module":{"resources":[{"address":"aws_autoscaling_group.ag","mode":"managed","type":"aws_autoscaling_group","name":"ag","provider_config_key":"aws","expressions":{"desired_capacity":{"references":["var.desired_capacity"]},"force_delete":{"constant_value":true},"health_check_type":{"references":["var.health_check_type"]},"launch_template":[{"id":{"references":["aws_launch_template.my-lc.id","aws_launch_template.my-lc"]},"version":{"constant_value":"$Latest"}}],"max_size":{"references":["var.max_size"]},"min_size":{"references":["var.min_size"]},"name":{"references":["var.alb_group_name"]},"tag":[{"key":{"constant_value":"Name"},"propagate_at_launch":{"constant_value":true},"value":{"references":["var.alb_group_name"]}},{"key":{"constant_value":"Environment"},"propagate_at_launch":{"constant_value":true},"value":{"references":["var.Environment"]}}],"target_group_arns":{"references":["var.lb_target_group_arns"]},"vpc_zone_identifier":{"references":["var.subnets_alb"]}},"schema_version":1},{"address":"aws_autoscaling_policy.my-asp","mode":"managed","type":"aws_autoscaling_policy","name":"my-asp","provider_config_key":"aws","expressions":{"autoscaling_group_name":{"references":["aws_autoscaling_group.ag.name","aws_autoscaling_group.ag"]},"name":{"references":["var.asg_policy_name"]},"policy_type":{"references":["var.policy_type"]},"target_tracking_configuration":[{"predefined_metric_specification":[{"predefined_metric_type":{"references":["var.predefined_metric_type"]}}],"target_value":{"references":["var.target_value"]}}]},"schema_version":0},{"address":"aws_launch_template.my-lc","mode":"managed","type":"aws_launch_template","name":"my-lc","provider_config_key":"aws","expressions":{"image_id":{"references":["var.ami"]},"instance_type":{"references":["var.instance_type"]},"key_name":{"references":["var.key_name"]},"tags":{"references":["var.instance_name","var.Environment"]},"user_data":{},"vpc_security_group_ids":{"references":["var.security_groups"]}},"schema_version":0}],"variables":{"Environment":{"description":"Enviornment in which the instance will be launched"},"alb_group_name":{"description":"alb_group_name"},"ami":{"description":"AMI ID for the instance"},"asg_policy_name":{"description":"asg_policy_name"},"desired_capacity":{"description":"desired_capacity of instances in asg"},"health_check_type":{"description":"health_check_type"},"instance_name":{"description":"Instance Name"},"instance_type":{"description":"Instance type"},"key_name":{"description":"Key name to attach the instance"},"lb_target_group_arns":{"description":"lb_target_group_arns"},"max_size":{"description":"max number of instances in asg group"},"min_size":{"description":"min number of instances in asg group"},"policy_type":{"description":"policy_type"},"predefined_metric_type":{"description":"predefined_metric_type"},"security_groups":{"description":"list of security group ids to attach to the instance"},"subnets_alb":{"description":"subnets_alb"},"target_value":{"description":"target_value"}}}},"frontend-lb":{"source":"../Modules/Load-Balancer","expressions":{"Environment":{"constant_value":"dev"},"internal":{"constant_value":false},"load_balancer_name":{"constant_value":"frontend-three-tier-lb"},"load_balancer_type":{"constant_value":"application"},"protocol":{"constant_value":"HTTP"},"security_groups":{"references":["module.sg.id","module.sg"]},"subnets":{"references":["module.vpc.public_subnet_id","module.vpc","module.vpc.public_subnet_id_2","module.vpc"]},"target_group_name":{"constant_value":"frontend-lb-tg"},"target_group_port":{"constant_value":"80"},"vpc_id":{"references":["module.vpc.vpc_id","module.vpc"]}},"module":{"outputs":{"target_group_arn":{"expression":{"references":["aws_lb_target_group.test.arn","aws_lb_target_group.test"]},"description":"target_group_arn"}},"resources":[{"address":"aws_lb.my-lb","mode":"managed","type":"aws_lb","name":"my-lb","provider_config_key":"aws","expressions":{"internal":{"references":["var.internal"]},"load_balancer_type":{"references":["var.load_balancer_type"]},"name":{"references":["var.load_balancer_name"]},"security_groups":{"references":["var.security_groups"]},"subnets":{"references":["var.subnets"]},"tags":{"references":["var.load_balancer_name","var.Environment"]}},"schema_version":0},{"address":"aws_lb_listener.front_end","mode":"managed","type":"aws_lb_listener","name":"front_end","provider_config_key":"aws","expressions":{"default_action":[{"target_group_arn":{"references":["aws_lb_target_group.test.arn","aws_lb_target_group.test"]},"type":{"constant_value":"forward"}}],"load_balancer_arn":{"references":["aws_lb.my-lb.arn","aws_lb.my-lb"]},"port":{"references":["var.target_group_port"]},"protocol":{"references":["var.protocol"]}},"schema_version":0},{"address":"aws_lb_target_group.test","mode":"managed","type":"aws_lb_target_group","name":"test","provider_config_key":"aws","expressions":{"name":{"references":["var.target_group_name"]},"port":{"references":["var.target_group_port"]},"protocol":{"references":["var.protocol"]},"vpc_id":{"references":["var.vpc_id"]}},"schema_version":0}],"variables":{"Environment":{"description":"Environment"},"internal":{"description":"internal lb"},"load_balancer_name":{"description":"load_balancer_name"},"load_balancer_type":{"description":"load_balancer_type application, network"},"protocol":{"description":"protocol"},"security_groups":{"description":"security_groups"},"subnets":{"description":"subnets"},"target_group_name":{"description":"target_group_name"},"target_group_port":{"description":"target_group_port"},"vpc_id":{"description":"vpc_id"}}}},"rds":{"source":"../Modules/RDS","expressions":{"Environment":{"constant_value":"dev"},"allocated_storage":{"constant_value":10},"db_engine":{"constant_value":"mysql"},"db_engine_version":{"constant_value":"8.0"},"db_name":{"constant_value":"ThreeTierDb"},"identifier":{"constant_value":"three-tier-db-dev"},"identifier_replica":{"constant_value":"three-tier-db-dev-replica"},"instance_type":{"constant_value":"db.t3.micro"},"rds_password_secret_name":{"constant_value":"my_rds_password_1"},"rds_username":{"constant_value":"soham"},"security_group_ids":{"references":["module.sg.id","module.sg"]},"skip_final_snapshot":{"constant_value":true},"subnet_group_name":{"constant_value":"three-tier-subnet-group"},"subnet_ids":{"references":["module.vpc.private_subnet_id","module.vpc","module.vpc.private_subnet_id_2","module.vpc"]}},"module":{"resources":[{"address":"aws_db_instance.default","mode":"managed","type":"aws_db_instance","name":"default","provider_config_key":"aws","expressions":{"allocated_storage":{"references":["var.allocated_storage"]},"db_name":{"references":["var.db_name"]},"db_subnet_group_name":{"references":["aws_db_subnet_group.default.name","aws_db_subnet_group.default"]},"engine":{"references":["var.db_engine"]},"engine_version":{"references":["var.db_engine_version"]},"identifier":{"references":["var.identifier"]},"instance_class":{"references":["var.instance_type"]},"password":{"references":["data.aws_secretsmanager_secret_version.secret-version.secret_string","data.aws_secretsmanager_secret_version.secret-version"]},"skip_final_snapshot":{"references":["var.skip_final_snapshot"]},"tags":{"references":["var.db_name","var.Environment"]},"username":{"references":["var.rds_username"]},"vpc_security_group_ids":{"references":["var.security_group_ids"]}},"schema_version":2},{"address":"aws_db_instance.default_replica","mode":"managed","type":"aws_db_instance","name":"default_replica","provider_config_key":"aws","expressions":{"allocated_storage":{"references":["var.allocated_storage"]},"db_subnet_group_name":{"references":["aws_db_subnet_group.default.name","aws_db_subnet_group.default"]},"engine":{"references":["var.db_engine"]},"engine_version":{"references":["var.db_engine_version"]},"identifier":{"references":["var.identifier_replica"]},"instance_class":{"references":["var.instance_type"]},"replicate_source_db":{"references":["aws_db_instance.default.identifier","aws_db_instance.default"]},"skip_final_snapshot":{"references":["var.skip_final_snapshot"]},"tags":{"references":["var.db_name","var.Environment"]},"vpc_security_group_ids":{"references":["var.security_group_ids"]}},"schema_version":2,"depends_on":["aws_db_instance.default"]},{"address":"aws_db_subnet_group.default","mode":"managed","type":"aws_db_subnet_group","name":"default","provider_config_key":"aws","expressions":{"name":{"references":["var.subnet_group_name"]},"subnet_ids":{"references":["var.subnet_ids"]},"tags":{"references":["var.subnet_group_name"]}},"schema_version":0},{"address":"data.aws_secretsmanager_secret.rds_password","mode":"data","type":"aws_secretsmanager_secret","name":"rds_password","provider_config_key":"aws","expressions":{"name":{"references":["var.rds_password_secret_name"]}},"schema_version":0},{"address":"data.aws_secretsmanager_secret_version.secret-version","mode":"data","type":"aws_secretsmanager_secret_version","name":"secret-version","provider_config_key":"aws","expressions":{"secret_id":{"references":["data.aws_secretsmanager_secret.rds_password.id","data.aws_secretsmanager_secret.rds_password"]}},"schema_version":0}],"variables":{"Environment":{},"allocated_storage":{"description":"allocated_storage"},"db_engine":{"description":"db_engine"},"db_engine_version":{"description":"db_engine_version"},"db_name":{"description":"db_name"},"identifier":{"description":"rds name"},"identifier_replica":{"description":"name of rds replica instance"},"instance_type":{"description":"instance_type"},"rds_password_secret_name":{"description":"aws secret manager secret name"},"rds_username":{"description":"rds_username"},"security_group_ids":{},"skip_final_snapshot":{},"subnet_group_name":{"description":"Subnet group name"},"subnet_ids":{"description":"Subnet ids list"}}}},"sg":{"source":"../Modules/Security_groups","expressions":{"description":{"constant_value":"a test sg"},"egress_rules":{"constant_value":[{"cidr_blocks":["0.0.0.0/0"],"description":"Allow all outbound traffic","from_port":0,"protocol":"-1","to_port":0}]},"ingress_rules":{"constant_value":[{"cidr_blocks":["0.0.0.0/0"],"description":"HTTP Port","from_port":"80","protocol":"tcp","to_port":"80"},{"cidr_blocks":["0.0.0.0/0"],"description":"SSH Port","from_port":"22","protocol":"tcp","to_port":"22"},{"cidr_blocks":["0.0.0.0/0"],"description":"MYSQL Port","from_port":"3306","protocol":"tcp","to_port":"3306"},{"cidr_blocks":["0.0.0.0/0"],"description":"Backend Port","from_port":"3000","protocol":"tcp","to_port":"3000"}]},"name":{"constant_value":"test-sg"},"vpc_id":{"references":["module.vpc.vpc_id","module.vpc"]}},"module":{"outputs":{"id":{"expression":{"references":["aws_security_group.my-sg.id","aws_security_group.my-sg"]},"description":"ID of the security group"}},"resources":[{"address":"aws_security_group.my-sg","mode":"managed","type":"aws_security_group","name":"my-sg","provider_config_key":"aws","expressions":{"description":{"references":["var.description"]},"name":{"references":["var.name"]},"tags":{"references":["var.name"]},"vpc_id":{"references":["var.vpc_id"]}},"schema_version":1}],"variables":{"description":{"description":"Description of the security group"},"egress_rules":{"default":[],"description":"List of egress rules"},"ingress_rules":{"default":[],"description":"List of ingress rules"},"name":{"description":"Name of the security group"},"vpc_id":{"description":"VPC ID where the security group will be created"}}}},"vpc":{"source":"../Modules/VPC","expressions":{"private_sub_availability_zone":{"constant_value":"us-east-1b"},"private_sub_availability_zone_2":{"constant_value":"us-east-1a"},"private_subnet_cidr_block":{"constant_value":"10.0.1.0/24"},"private_subnet_cidr_block_2":{"constant_value":"10.0.3.0/24"},"private_subnet_name":{"constant_value":"Three-tier-Private-subnet"},"private_subnet_name_2":{"constant_value":"Three-tier-Private-subnet-2"},"public_sub_availability_zone":{"constant_value":"us-east-1a"},"public_sub_availability_zone_2":{"constant_value":"us-east-1b"},"public_subnet_cidr_block":{"constant_value":"10.0.0.0/24"},"public_subnet_cidr_block_2":{"constant_value":"10.0.2.0/24"},"public_subnet_name":{"constant_value":"Three-tier-Public-Subnet"},"public_subnet_name_2":{"constant_value":"Three-tier-Public-Subnet-2"},"vpc_cidr":{"constant_value":"10.0.0.0/16"},"vpc_name":{"constant_value":"three-tier-VPC"}},"module":{"outputs":{"private_subnet_id":{"expression":{"references":["aws_subnet.private_subnet_1.id","aws_subnet.private_subnet_1"]},"description":"private_subnet_id"},"private_subnet_id_2":{"expression":{"references":["aws_subnet.private_subnet_2.id","aws_subnet.private_subnet_2"]},"description":"private_subnet_id"},"public_subnet_id":{"expression":{"references":["aws_subnet.public_subnet_1.id","aws_subnet.public_subnet_1"]},"description":"public_subnet_id"},"public_subnet_id_2":{"expression":{"references":["aws_subnet.public_subnet_2.id","aws_subnet.public_subnet_2"]},"description":"public_subnet_id"},"vpc_id":{"expression":{"references":["aws_vpc.my-vpc.id","aws_vpc.my-vpc"]},"description":"vpc id"}},"resources":[{"address":"aws_eip.eip","mode":"managed","type":"aws_eip","name":"eip","provider_config_key":"aws","expressions":{"domain":{"constant_value":"vpc"}},"schema_version":0},{"address":"aws_internet_gateway.igw","mode":"managed","type":"aws_internet_gateway","name":"igw","provider_config_key":"aws","expressions":{"tags":{"constant_value":{"Name":"my-igw"}},"vpc_id":{"references":["aws_vpc.my-vpc.id","aws_vpc.my-vpc"]}},"schema_version":0},{"address":"aws_nat_gateway.nat","mode":"managed","type":"aws_nat_gateway","name":"nat","provider_config_key":"aws","expressions":{"allocation_id":{"references":["aws_eip.eip.id","aws_eip.eip"]},"subnet_id":{"references":["aws_subnet.public_subnet_1.id","aws_subnet.public_subnet_1"]},"tags":{"constant_value":{"Name":"gw NAT"}}},"schema_version":0,"depends_on":["aws_internet_gateway.igw"]},{"address":"aws_route_table.private-rt","mode":"managed","type":"aws_route_table","name":"private-rt","provider_config_key":"aws","expressions":{"route":{"references":["aws_nat_gateway.nat.id","aws_nat_gateway.nat"]},"tags":{"constant_value":{"Name":"private-rt"}},"vpc_id":{"references":["aws_vpc.my-vpc.id","aws_vpc.my-vpc"]}},"schema_version":0},{"address":"aws_route_table.public-rt","mode":"managed","type":"aws_route_table","name":"public-rt","provider_config_key":"aws","expressions":{"route":{"references":["aws_internet_gateway.igw.id","aws_internet_gateway.igw"]},"tags":{"constant_value":{"Name":"public-rt"}},"vpc_id":{"references":["aws_vpc.my-vpc.id","aws_vpc.my-vpc"]}},"schema_version":0},{"address":"aws_route_table_association.a","mode":"managed","type":"aws_route_table_association","name":"a","provider_config_key":"aws","expressions":{"route_table_id":{"references":["aws_route_table.public-rt.id","aws_route_table.public-rt"]},"subnet_id":{"references":["aws_subnet.public_subnet_1.id","aws_subnet.public_subnet_1"]}},"schema_version":0},{"address":"aws_route_table_association.b","mode":"managed","type":"aws_route_table_association","name":"b","provider_config_key":"aws","expressions":{"route_table_id":{"references":["aws_route_table.private-rt.id","aws_route_table.private-rt"]},"subnet_id":{"references":["aws_subnet.private_subnet_1.id","aws_subnet.private_subnet_1"]}},"schema_version":0},{"address":"aws_route_table_association.c","mode":"managed","type":"aws_route_table_association","name":"c","provider_config_key":"aws","expressions":{"route_table_id":{"references":["aws_route_table.public-rt.id","aws_route_table.public-rt"]},"subnet_id":{"references":["aws_subnet.public_subnet_2.id","aws_subnet.public_subnet_2"]}},"schema_version":0},{"address":"aws_route_table_association.d","mode":"managed","type":"aws_route_table_association","name":"d","provider_config_key":"aws","expressions":{"route_table_id":{"references":["aws_route_table.private-rt.id","aws_route_table.private-rt"]},"subnet_id":{"references":["aws_subnet.private_subnet_2.id","aws_subnet.private_subnet_2"]}},"schema_version":0},{"address":"aws_subnet.private_subnet_1","mode":"managed","type":"aws_subnet","name":"private_subnet_1","provider_config_key":"aws","expressions":{"availability_zone":{"references":["var.private_sub_availability_zone"]},"cidr_block":{"references":["var.private_subnet_cidr_block"]},"map_public_ip_on_launch":{"constant_value":false},"tags":{"references":["var.private_subnet_name"]},"vpc_id":{"references":["aws_vpc.my-vpc.id","aws_vpc.my-vpc"]}},"schema_version":1},{"address":"aws_subnet.private_subnet_2","mode":"managed","type":"aws_subnet","name":"private_subnet_2","provider_config_key":"aws","expressions":{"availability_zone":{"references":["var.private_sub_availability_zone_2"]},"cidr_block":{"references":["var.private_subnet_cidr_block_2"]},"map_public_ip_on_launch":{"constant_value":false},"tags":{"references":["var.private_subnet_name_2"]},"vpc_id":{"references":["aws_vpc.my-vpc.id","aws_vpc.my-vpc"]}},"schema_version":1},{"address":"aws_subnet.public_subnet_1","mode":"managed","type":"aws_subnet","name":"public_subnet_1","provider_config_key":"aws","expressions":{"availability_zone":{"references":["var.public_sub_availability_zone"]},"cidr_block":{"references":["var.public_subnet_cidr_block"]},"map_public_ip_on_launch":{"constant_value":true},"tags":{"references":["var.public_subnet_name"]},"vpc_id":{"references":["aws_vpc.my-vpc.id","aws_vpc.my-vpc"]}},"schema_version":1},{"address":"aws_subnet.public_subnet_2","mode":"managed","type":"aws_subnet","name":"public_subnet_2","provider_config_key":"aws","expressions":{"availability_zone":{"references":["var.public_sub_availability_zone_2"]},"cidr_block":{"references":["var.public_subnet_cidr_block_2"]},"map_public_ip_on_launch":{"constant_value":true},"tags":{"references":["var.public_subnet_name_2"]},"vpc_id":{"references":["aws_vpc.my-vpc.id","aws_vpc.my-vpc"]}},"schema_version":1},{"address":"aws_vpc.my-vpc","mode":"managed","type":"aws_vpc","name":"my-vpc","provider_config_key":"aws","expressions":{"cidr_block":{"references":["var.vpc_cidr"]},"enable_dns_hostnames":{"constant_value":true},"tags":{"references":["var.vpc_name"]}},"schema_version":1}],"variables":{"private_sub_availability_zone":{"description":"private_sub_availability_zone"},"private_sub_availability_zone_2":{"description":"private_sub_availability_zone_2"},"private_subnet_cidr_block":{"description":"private_subnet_cidr_block"},"private_subnet_cidr_block_2":{"description":"private_subnet_cidr_block for second subnet"},"private_subnet_name":{"description":"private_subnet_name"},"private_subnet_name_2":{"description":"private_subnet_name_2"},"public_sub_availability_zone":{"description":"public_sub_availability_zone"},"public_sub_availability_zone_2":{"description":"public_sub_availability_zone_2"},"public_subnet_cidr_block":{"description":"public_subnet_cidr_block"},"public_subnet_cidr_block_2":{"description":"public_subnet_cidr_block_2"},"public_subnet_name":{"description":"public_subnet_name"},"public_subnet_name_2":{"description":"public_subnet_name_2"},"vpc_cidr":{"description":"VPC CIDR"},"vpc_name":{"description":"VPC Name"}}}}}}},"relevant_attributes":[{"resource":"module.backend-ALB.aws_launch_template.my-lc","attribute":["id"]},{"resource":"module.backend-ALB.aws_autoscaling_group.ag","attribute":["name"]},{"resource":"module.sg.aws_security_group.my-sg","attribute":["id"]},{"resource":"module.vpc.aws_internet_gateway.igw","attribute":["id"]},{"resource":"module.vpc.aws_nat_gateway.nat","attribute":["id"]},{"resource":"module.vpc.aws_subnet.private_subnet_1","attribute":["id"]},{"resource":"module.vpc.aws_route_table.private-rt","attribute":["id"]},{"resource":"module.frontend-lb.aws_lb.my-lb","attribute":["arn"]},{"resource":"module.vpc.aws_subnet.private_subnet_2","attribute":["id"]},{"resource":"module.backend-lb.aws_lb.my-lb","attribute":["arn"]},{"resource":"module.frontend-ALB.aws_autoscaling_group.ag","attribute":["name"]},{"resource":"module.rds.aws_db_subnet_group.default","attribute":["name"]},{"resource":"module.vpc.aws_subnet.public_subnet_1","attribute":["id"]},{"resource":"module.vpc.aws_route_table.public-rt","attribute":["id"]},{"resource":"module.frontend-lb.aws_lb_target_group.test","attribute":["arn"]},{"resource":"module.backend-lb.aws_lb_target_group.test","attribute":["arn"]},{"resource":"module.frontend-ALB.aws_launch_template.my-lc","attribute":["id"]},{"resource":"module.vpc.aws_vpc.my-vpc","attribute":["id"]},{"resource":"module.vpc.aws_eip.eip","attribute":["id"]},{"resource":"module.vpc.aws_subnet.public_subnet_2","attribute":["id"]},{"resource":"module.rds.data.aws_secretsmanager_secret_version.secret-version","attribute":["secret_string"]},{"resource":"module.rds.aws_db_instance.default","attribute":["identifier"]}]}
